<?xml version="1.0" encoding="utf-8"?>
<Project ToolsVersion="4.0" xmlns="http://schemas.microsoft.com/developer/msbuild/2003">
  <ItemGroup>
    <ClCompile Include="..\..\include\base\Timestamp.cpp" />
    <ClCompile Include="TimeStampTest.cpp" />
  </ItemGroup>
  <ItemGroup>
    <ClInclude Include="..\..\include\base\Timestamp.h" />
  </ItemGroup>
</Project>