<?xml version="1.0" encoding="utf-8"?>
<Project ToolsVersion="4.0" xmlns="http://schemas.microsoft.com/developer/msbuild/2003">
  <ItemGroup>
    <ClCompile Include="..\..\include\base\Histogram.cpp" />
    <ClCompile Include="Histogram_test.cpp" />
  </ItemGroup>
  <ItemGroup>
    <ClInclude Include="..\..\include\base\Histogram.h" />
  </ItemGroup>
</Project>