<?xml version="1.0" encoding="utf-8"?>
<Project ToolsVersion="4.0" xmlns="http://schemas.microsoft.com/developer/msbuild/2003">
  <ItemGroup>
    <ClCompile Include="Aggregate.cpp" />
    <ClCompile Include="Iterator.cpp" />
    <ClCompile Include="testIterator.cpp" />
  </ItemGroup>
  <ItemGroup>
    <ClInclude Include="Iterator.h" />
    <ClInclude Include="Aggregate.h" />
  </ItemGroup>
</Project>