<?xml version="1.0" encoding="utf-8"?>
<Project ToolsVersion="4.0" xmlns="http://schemas.microsoft.com/developer/msbuild/2003">
  <ItemGroup>
    <ClInclude Include="Builder.h" />
    <ClInclude Include="Product.h" />
    <ClInclude Include="Director.h" />
  </ItemGroup>
  <ItemGroup>
    <ClCompile Include="testBuilder.cpp" />
  </ItemGroup>
</Project>