
Microsoft Visual Studio Solution File, Format Version 11.00
# Visual Studio 2010
Project("{2150E333-8FDC-42A3-9474-1A3956D46DE8}") = "STL", "STL", "{E9FAB1B8-1988-40C2-ABB1-84F24F2CF07E}"
EndProject
Project("{8BC9CEB8-8B4A-11D0-8D11-00A0C91BC942}") = "dequeDemo", "STL\dequeDemo\dequeDemo.vcxproj", "{16524A32-E9D5-46B2-BCFB-809D2A641FB7}"
EndProject
Project("{8BC9CEB8-8B4A-11D0-8D11-00A0C91BC942}") = "listDemo", "STL\listDemo\listDemo.vcxproj", "{93B508CD-0770-428F-AFC0-5E79D556B3EE}"
EndProject
Project("{8BC9CEB8-8B4A-11D0-8D11-00A0C91BC942}") = "mapDemo", "STL\mapDemo\mapDemo.vcxproj", "{007ED693-D6D8-4F39-8F0A-21A041174B98}"
EndProject
Project("{8BC9CEB8-8B4A-11D0-8D11-00A0C91BC942}") = "multimapDemo", "STL\multimapDemo\multimapDemo.vcxproj", "{A5F17930-B291-4F83-87DB-9BCF64F68A6A}"
EndProject
Project("{8BC9CEB8-8B4A-11D0-8D11-00A0C91BC942}") = "multisetDemo", "STL\multisetDemo\multisetDemo.vcxproj", "{DED4BF71-C70C-42D5-A78E-39F2E453BE0B}"
EndProject
Project("{8BC9CEB8-8B4A-11D0-8D11-00A0C91BC942}") = "queueDemo", "STL\queueDemo\queueDemo.vcxproj", "{2FB5EDE9-0728-4139-B893-7093C4EA96EC}"
EndProject
Project("{8BC9CEB8-8B4A-11D0-8D11-00A0C91BC942}") = "setDemo", "STL\setDemo\setDemo.vcxproj", "{7E48AC62-8109-4231-AA01-32ADF5FAA786}"
EndProject
Project("{8BC9CEB8-8B4A-11D0-8D11-00A0C91BC942}") = "stackDemo", "STL\stackDemo\stackDemo.vcxproj", "{04062EFD-AB7E-4881-9098-353A467A6BA5}"
EndProject
Project("{8BC9CEB8-8B4A-11D0-8D11-00A0C91BC942}") = "vector_list", "STL\vector_list\vector_list.vcxproj", "{8A484FC8-F28D-41AA-86D2-4AEB3F37222D}"
EndProject
Project("{8BC9CEB8-8B4A-11D0-8D11-00A0C91BC942}") = "vectorDemo", "STL\vectorDemo\vectorDemo.vcxproj", "{094BE633-036C-4BEB-819E-DF03D3B55D47}"
EndProject
Project("{8BC9CEB8-8B4A-11D0-8D11-00A0C91BC942}") = "string分割", "STL\string分割\string分割.vcxproj", "{05CF58CF-1E0B-4F63-8F97-79EF55863D9D}"
EndProject
Project("{8BC9CEB8-8B4A-11D0-8D11-00A0C91BC942}") = "heapDemo", "STL\heapDemo\heapDemo.vcxproj", "{5600721A-1C45-4085-95FB-6F255972E3EC}"
EndProject
Project("{2150E333-8FDC-42A3-9474-1A3956D46DE8}") = "tools", "tools", "{B458DE41-F5AB-44F3-9550-77B2880AED0A}"
EndProject
Project("{8BC9CEB8-8B4A-11D0-8D11-00A0C91BC942}") = "求两个文件的差异", "tools\求两个文件的差异\求两个文件的差异.vcxproj", "{A885976E-F9AC-42CE-906C-7EE8690C5687}"
EndProject
Project("{8BC9CEB8-8B4A-11D0-8D11-00A0C91BC942}") = "字符串模糊匹配(fnmatch)", "tools\字符串模糊匹配(fnmatch)\字符串模糊匹配(fnmatch).vcxproj", "{1DDE5618-9677-4082-B90A-7BD8C178F5A8}"
EndProject
Project("{8BC9CEB8-8B4A-11D0-8D11-00A0C91BC942}") = "CStopWatch", "tools\CStopWatch\CStopWatch.vcxproj", "{CD09FB25-41AD-46E0-9CAB-90D9438C133C}"
EndProject
Project("{8BC9CEB8-8B4A-11D0-8D11-00A0C91BC942}") = "GBKtoUTF8", "tools\GBKtoUTF8\GBKtoUTF8.vcxproj", "{3443518D-6997-4995-B765-2D6648A9746C}"
EndProject
Project("{8BC9CEB8-8B4A-11D0-8D11-00A0C91BC942}") = "str_func", "tools\str_func\str_func.vcxproj", "{66E08800-B86A-41AE-908E-3BECEEEBBC55}"
EndProject
Project("{8BC9CEB8-8B4A-11D0-8D11-00A0C91BC942}") = "Google_FlatBuffers_Test", "tools\Google_FlatBuffers_Test\Google_FlatBuffers_Test.vcxproj", "{3500A18C-B2EC-4CD4-A56D-B7B89BF1A4F8}"
EndProject
Project("{8BC9CEB8-8B4A-11D0-8D11-00A0C91BC942}") = "BlockQueue", "tools\BlockQueue\BlockQueue.vcxproj", "{CC3564FE-892D-4E20-83A7-6CD984B588BC}"
EndProject
Project("{2150E333-8FDC-42A3-9474-1A3956D46DE8}") = "test_thread", "test_thread", "{BBD93495-5B37-4DEE-B77D-BDADB67E6BC9}"
EndProject
Project("{8BC9CEB8-8B4A-11D0-8D11-00A0C91BC942}") = "intrusive_list", "STL\intrusive_list\intrusive_list.vcxproj", "{F5004237-A864-4268-80F2-56DA7E1BE5BB}"
EndProject
Project("{8BC9CEB8-8B4A-11D0-8D11-00A0C91BC942}") = "BitTwiddlingHacks", "tools\BitTwiddlingHacks\BitTwiddlingHacks.vcxproj", "{3A5F6C36-2972-4BE7-B92E-26FD5F90AC5D}"
EndProject
Project("{2150E333-8FDC-42A3-9474-1A3956D46DE8}") = "test_some", "test_some", "{9FE276EB-D38C-4771-B84F-B44C71DCCBFA}"
EndProject
Project("{8BC9CEB8-8B4A-11D0-8D11-00A0C91BC942}") = "do-while(0)", "test_some\do-while(0)\do-while(0).vcxproj", "{4E266146-CF1E-49B5-8823-0B642A1E0400}"
EndProject
Project("{8BC9CEB8-8B4A-11D0-8D11-00A0C91BC942}") = "strlen_sizeof", "test_some\strlen_sizeof\strlen_sizeof.vcxproj", "{D7D34FBF-B1EC-4834-B38D-92B1B07EF06A}"
EndProject
Project("{8BC9CEB8-8B4A-11D0-8D11-00A0C91BC942}") = "time", "test_some\time\time.vcxproj", "{6A9193DB-2CB7-486E-A56B-D71B301C3629}"
EndProject
Project("{8BC9CEB8-8B4A-11D0-8D11-00A0C91BC942}") = "函数对象Demo", "test_some\函数对象Demo\函数对象Demo.vcxproj", "{A6FE2F0F-6129-454B-BC5E-82ACA9966B85}"
EndProject
Project("{8BC9CEB8-8B4A-11D0-8D11-00A0C91BC942}") = "静态绑定和动态绑定", "test_some\静态绑定和动态绑定\静态绑定和动态绑定.vcxproj", "{1CBE48C0-7D7C-4AC8-B289-9D0A83DE98BA}"
EndProject
Project("{8BC9CEB8-8B4A-11D0-8D11-00A0C91BC942}") = "静态多态和动态多态", "test_some\静态多态和动态多态\静态多态和动态多态.vcxproj", "{0C2A4083-4148-4B8D-8D37-1972CE949685}"
EndProject
Project("{8BC9CEB8-8B4A-11D0-8D11-00A0C91BC942}") = "名字重整(NameMangling)", "test_some\名字重整(NameMangling)\名字重整(NameMangling).vcxproj", "{925FD3C9-1F2A-4A39-807D-81EEA014D777}"
EndProject
Project("{8BC9CEB8-8B4A-11D0-8D11-00A0C91BC942}") = "指针常量和常量指针", "test_some\指针常量和常量指针\指针常量和常量指针.vcxproj", "{0193D4C9-0C50-4615-8EF6-4956A5A8419F}"
EndProject
Project("{8BC9CEB8-8B4A-11D0-8D11-00A0C91BC942}") = "Test_Atomic", "test_thread\Test_Atomic\Test_Atomic.vcxproj", "{E731E296-6213-48CF-BBA6-9DA7CAF169B3}"
EndProject
Project("{8BC9CEB8-8B4A-11D0-8D11-00A0C91BC942}") = "Test_Thread", "test_thread\Test_Thread\Test_Thread.vcxproj", "{D105BDC7-4971-4574-844E-9F7AE43771D7}"
EndProject
Project("{2150E333-8FDC-42A3-9474-1A3956D46DE8}") = "DesignPattern", "DesignPattern", "{80CB5B60-A899-4D3E-84AD-6CF56754E698}"
EndProject
Project("{8BC9CEB8-8B4A-11D0-8D11-00A0C91BC942}") = "AbstractFactory", "DesignPatternOf23Kinds\AbstractFactory\AbstractFactory.vcxproj", "{DA330B28-0A92-41EF-9433-E9BCD484E8BE}"
EndProject
Project("{8BC9CEB8-8B4A-11D0-8D11-00A0C91BC942}") = "Adapter", "DesignPatternOf23Kinds\Adapter\Adapter.vcxproj", "{4B642581-FFD8-48E1-A598-EF01593439A5}"
EndProject
Project("{8BC9CEB8-8B4A-11D0-8D11-00A0C91BC942}") = "Bridge", "DesignPatternOf23Kinds\Bridge\Bridge.vcxproj", "{0DACD46F-39A6-4B68-A6D9-C2E64DCEC643}"
EndProject
Project("{8BC9CEB8-8B4A-11D0-8D11-00A0C91BC942}") = "Builder", "DesignPatternOf23Kinds\Builder\Builder.vcxproj", "{E781E0D2-0180-4DC1-A2E3-A1E99F6DC618}"
EndProject
Project("{8BC9CEB8-8B4A-11D0-8D11-00A0C91BC942}") = "ChainOfResponsibility", "DesignPatternOf23Kinds\ChainOfResponsibility\ChainOfResponsibility.vcxproj", "{7CFCF5B4-33C6-421F-A81D-BC6DA07F39D2}"
EndProject
Project("{8BC9CEB8-8B4A-11D0-8D11-00A0C91BC942}") = "Command", "DesignPatternOf23Kinds\Command\Command.vcxproj", "{E9E1824A-2592-4102-A159-660BA4E128A3}"
EndProject
Project("{8BC9CEB8-8B4A-11D0-8D11-00A0C91BC942}") = "Composite", "DesignPatternOf23Kinds\Composite\Composite.vcxproj", "{4DBC9180-832E-4CE5-BBA4-95F3823E29E1}"
EndProject
Project("{8BC9CEB8-8B4A-11D0-8D11-00A0C91BC942}") = "Decorator", "DesignPatternOf23Kinds\Decorator\Decorator.vcxproj", "{557F87CD-2312-4C6C-A471-B101813CF2F4}"
EndProject
Project("{8BC9CEB8-8B4A-11D0-8D11-00A0C91BC942}") = "Facade", "DesignPatternOf23Kinds\Facade\Facade.vcxproj", "{4F25DD27-8484-48D4-A9E0-464FAFB54A05}"
EndProject
Project("{8BC9CEB8-8B4A-11D0-8D11-00A0C91BC942}") = "FactoryMethod", "DesignPatternOf23Kinds\FactoryMethod\FactoryMethod.vcxproj", "{6829BF37-3EE0-4A69-8557-0123C7F80656}"
EndProject
Project("{8BC9CEB8-8B4A-11D0-8D11-00A0C91BC942}") = "Flyweight", "DesignPatternOf23Kinds\Flyweight\Flyweight.vcxproj", "{4847CE94-BCC3-4702-97B6-1418AF999054}"
EndProject
Project("{8BC9CEB8-8B4A-11D0-8D11-00A0C91BC942}") = "Interpreter", "DesignPatternOf23Kinds\Interpreter\Interpreter.vcxproj", "{578305CB-3E4F-4FA1-B396-D946454AE98C}"
EndProject
Project("{8BC9CEB8-8B4A-11D0-8D11-00A0C91BC942}") = "Iterator", "DesignPatternOf23Kinds\Iterator\Iterator.vcxproj", "{A4048631-C1D0-4552-AC6C-D72F1C3B439C}"
EndProject
Project("{8BC9CEB8-8B4A-11D0-8D11-00A0C91BC942}") = "Memento", "DesignPatternOf23Kinds\Memento\Memento.vcxproj", "{7706E9EA-5230-4736-A060-2192FD339108}"
EndProject
Project("{8BC9CEB8-8B4A-11D0-8D11-00A0C91BC942}") = "Observer", "DesignPatternOf23Kinds\Observer\Observer.vcxproj", "{4663E12C-9DF4-4587-B453-5B8A4A1164D5}"
EndProject
Project("{8BC9CEB8-8B4A-11D0-8D11-00A0C91BC942}") = "Prototype", "DesignPatternOf23Kinds\Prototype\Prototype.vcxproj", "{822F3E79-9757-453C-BBC0-130D46B2FC3B}"
EndProject
Project("{8BC9CEB8-8B4A-11D0-8D11-00A0C91BC942}") = "Proxy", "DesignPatternOf23Kinds\Proxy\Proxy.vcxproj", "{0E45EEB3-6E44-4B2C-BC9E-BCAEA4B57877}"
EndProject
Project("{8BC9CEB8-8B4A-11D0-8D11-00A0C91BC942}") = "Singleton", "DesignPatternOf23Kinds\Singleton\Singleton.vcxproj", "{CFD6B060-4F29-4FEC-B44A-97509F777F1F}"
EndProject
Project("{8BC9CEB8-8B4A-11D0-8D11-00A0C91BC942}") = "State", "DesignPatternOf23Kinds\State\State.vcxproj", "{07D28339-C5ED-456A-AECD-832CD911A00A}"
EndProject
Project("{8BC9CEB8-8B4A-11D0-8D11-00A0C91BC942}") = "Strategy", "DesignPatternOf23Kinds\Strategy\Strategy.vcxproj", "{5204A4E2-4A9D-4831-9130-BEDC801017CF}"
EndProject
Project("{8BC9CEB8-8B4A-11D0-8D11-00A0C91BC942}") = "Template", "DesignPatternOf23Kinds\Template\Template.vcxproj", "{32F53776-8B42-4528-8249-A3D3041C1229}"
EndProject
Project("{8BC9CEB8-8B4A-11D0-8D11-00A0C91BC942}") = "Visitor", "DesignPatternOf23Kinds\Visitor\Visitor.vcxproj", "{42E71172-9D61-468A-9868-12A65F0028D4}"
EndProject
Project("{8BC9CEB8-8B4A-11D0-8D11-00A0C91BC942}") = "Mediator", "DesignPatternOf23Kinds\Mediator\Mediator.vcxproj", "{BF8AEC0B-0114-43BB-8229-BC24D8C1DE44}"
EndProject
Project("{8BC9CEB8-8B4A-11D0-8D11-00A0C91BC942}") = "Base64Encode", "tools\Base64Encode\Base64Encode.vcxproj", "{27EB598F-3F62-42B2-955D-53F8453E798C}"
EndProject
Project("{8BC9CEB8-8B4A-11D0-8D11-00A0C91BC942}") = "LruCache", "tools\LruCacheTest\LruCache.vcxproj", "{22D11942-2E25-4EFC-99BE-6FA65DEF9BB8}"
EndProject
Project("{8BC9CEB8-8B4A-11D0-8D11-00A0C91BC942}") = "DateTimeTest", "tools\DateTimeTest\DateTimeTest.vcxproj", "{8D224623-34AB-4DD9-9466-EDB4F6B41C05}"
EndProject
Project("{2150E333-8FDC-42A3-9474-1A3956D46DE8}") = "test_net", "test_net", "{0F593BF1-3DA9-4BAE-AFAF-E5344D1DFA85}"
EndProject
Project("{8BC9CEB8-8B4A-11D0-8D11-00A0C91BC942}") = "NetUtilTest", "test_net\NetUtilTest\NetUtilTest.vcxproj", "{F6FB4A3E-01C7-40E8-A952-8442BB51DABF}"
EndProject
Project("{8BC9CEB8-8B4A-11D0-8D11-00A0C91BC942}") = "SmartAssertTest", "tools\SmartAssertTest\SmartAssertTest.vcxproj", "{227FA8EF-6580-4983-9621-5CBA754E7752}"
EndProject
Project("{8BC9CEB8-8B4A-11D0-8D11-00A0C91BC942}") = "ByteArrayTest", "tools\ByteArrayTest\ByteArrayTest.vcxproj", "{C1206099-740D-4210-9229-111196DE9845}"
EndProject
Project("{8BC9CEB8-8B4A-11D0-8D11-00A0C91BC942}") = "performance_counter", "tools\performance_counter\performance_counter.vcxproj", "{A9A9217F-FEEC-4EA8-B74F-FFA80B52E36C}"
EndProject
Project("{8BC9CEB8-8B4A-11D0-8D11-00A0C91BC942}") = "test_gtest", "tools\test_gtest\test_gtest.vcxproj", "{3DE3D570-69EA-472D-9423-3681C19CF17E}"
EndProject
Global
	GlobalSection(SolutionConfigurationPlatforms) = preSolution
		Debug|Win32 = Debug|Win32
		Release|Win32 = Release|Win32
	EndGlobalSection
	GlobalSection(ProjectConfigurationPlatforms) = postSolution
		{16524A32-E9D5-46B2-BCFB-809D2A641FB7}.Debug|Win32.ActiveCfg = Debug|Win32
		{16524A32-E9D5-46B2-BCFB-809D2A641FB7}.Debug|Win32.Build.0 = Debug|Win32
		{16524A32-E9D5-46B2-BCFB-809D2A641FB7}.Release|Win32.ActiveCfg = Release|Win32
		{16524A32-E9D5-46B2-BCFB-809D2A641FB7}.Release|Win32.Build.0 = Release|Win32
		{93B508CD-0770-428F-AFC0-5E79D556B3EE}.Debug|Win32.ActiveCfg = Debug|Win32
		{93B508CD-0770-428F-AFC0-5E79D556B3EE}.Debug|Win32.Build.0 = Debug|Win32
		{93B508CD-0770-428F-AFC0-5E79D556B3EE}.Release|Win32.ActiveCfg = Release|Win32
		{93B508CD-0770-428F-AFC0-5E79D556B3EE}.Release|Win32.Build.0 = Release|Win32
		{007ED693-D6D8-4F39-8F0A-21A041174B98}.Debug|Win32.ActiveCfg = Debug|Win32
		{007ED693-D6D8-4F39-8F0A-21A041174B98}.Debug|Win32.Build.0 = Debug|Win32
		{007ED693-D6D8-4F39-8F0A-21A041174B98}.Release|Win32.ActiveCfg = Release|Win32
		{007ED693-D6D8-4F39-8F0A-21A041174B98}.Release|Win32.Build.0 = Release|Win32
		{A5F17930-B291-4F83-87DB-9BCF64F68A6A}.Debug|Win32.ActiveCfg = Debug|Win32
		{A5F17930-B291-4F83-87DB-9BCF64F68A6A}.Debug|Win32.Build.0 = Debug|Win32
		{A5F17930-B291-4F83-87DB-9BCF64F68A6A}.Release|Win32.ActiveCfg = Release|Win32
		{A5F17930-B291-4F83-87DB-9BCF64F68A6A}.Release|Win32.Build.0 = Release|Win32
		{DED4BF71-C70C-42D5-A78E-39F2E453BE0B}.Debug|Win32.ActiveCfg = Debug|Win32
		{DED4BF71-C70C-42D5-A78E-39F2E453BE0B}.Debug|Win32.Build.0 = Debug|Win32
		{DED4BF71-C70C-42D5-A78E-39F2E453BE0B}.Release|Win32.ActiveCfg = Release|Win32
		{DED4BF71-C70C-42D5-A78E-39F2E453BE0B}.Release|Win32.Build.0 = Release|Win32
		{2FB5EDE9-0728-4139-B893-7093C4EA96EC}.Debug|Win32.ActiveCfg = Debug|Win32
		{2FB5EDE9-0728-4139-B893-7093C4EA96EC}.Debug|Win32.Build.0 = Debug|Win32
		{2FB5EDE9-0728-4139-B893-7093C4EA96EC}.Release|Win32.ActiveCfg = Release|Win32
		{2FB5EDE9-0728-4139-B893-7093C4EA96EC}.Release|Win32.Build.0 = Release|Win32
		{7E48AC62-8109-4231-AA01-32ADF5FAA786}.Debug|Win32.ActiveCfg = Debug|Win32
		{7E48AC62-8109-4231-AA01-32ADF5FAA786}.Debug|Win32.Build.0 = Debug|Win32
		{7E48AC62-8109-4231-AA01-32ADF5FAA786}.Release|Win32.ActiveCfg = Release|Win32
		{7E48AC62-8109-4231-AA01-32ADF5FAA786}.Release|Win32.Build.0 = Release|Win32
		{04062EFD-AB7E-4881-9098-353A467A6BA5}.Debug|Win32.ActiveCfg = Debug|Win32
		{04062EFD-AB7E-4881-9098-353A467A6BA5}.Debug|Win32.Build.0 = Debug|Win32
		{04062EFD-AB7E-4881-9098-353A467A6BA5}.Release|Win32.ActiveCfg = Release|Win32
		{04062EFD-AB7E-4881-9098-353A467A6BA5}.Release|Win32.Build.0 = Release|Win32
		{8A484FC8-F28D-41AA-86D2-4AEB3F37222D}.Debug|Win32.ActiveCfg = Debug|Win32
		{8A484FC8-F28D-41AA-86D2-4AEB3F37222D}.Debug|Win32.Build.0 = Debug|Win32
		{8A484FC8-F28D-41AA-86D2-4AEB3F37222D}.Release|Win32.ActiveCfg = Release|Win32
		{8A484FC8-F28D-41AA-86D2-4AEB3F37222D}.Release|Win32.Build.0 = Release|Win32
		{094BE633-036C-4BEB-819E-DF03D3B55D47}.Debug|Win32.ActiveCfg = Debug|Win32
		{094BE633-036C-4BEB-819E-DF03D3B55D47}.Debug|Win32.Build.0 = Debug|Win32
		{094BE633-036C-4BEB-819E-DF03D3B55D47}.Release|Win32.ActiveCfg = Release|Win32
		{094BE633-036C-4BEB-819E-DF03D3B55D47}.Release|Win32.Build.0 = Release|Win32
		{05CF58CF-1E0B-4F63-8F97-79EF55863D9D}.Debug|Win32.ActiveCfg = Debug|Win32
		{05CF58CF-1E0B-4F63-8F97-79EF55863D9D}.Debug|Win32.Build.0 = Debug|Win32
		{05CF58CF-1E0B-4F63-8F97-79EF55863D9D}.Release|Win32.ActiveCfg = Release|Win32
		{05CF58CF-1E0B-4F63-8F97-79EF55863D9D}.Release|Win32.Build.0 = Release|Win32
		{5600721A-1C45-4085-95FB-6F255972E3EC}.Debug|Win32.ActiveCfg = Debug|Win32
		{5600721A-1C45-4085-95FB-6F255972E3EC}.Debug|Win32.Build.0 = Debug|Win32
		{5600721A-1C45-4085-95FB-6F255972E3EC}.Release|Win32.ActiveCfg = Release|Win32
		{5600721A-1C45-4085-95FB-6F255972E3EC}.Release|Win32.Build.0 = Release|Win32
		{A885976E-F9AC-42CE-906C-7EE8690C5687}.Debug|Win32.ActiveCfg = Debug|Win32
		{A885976E-F9AC-42CE-906C-7EE8690C5687}.Debug|Win32.Build.0 = Debug|Win32
		{A885976E-F9AC-42CE-906C-7EE8690C5687}.Release|Win32.ActiveCfg = Release|Win32
		{A885976E-F9AC-42CE-906C-7EE8690C5687}.Release|Win32.Build.0 = Release|Win32
		{1DDE5618-9677-4082-B90A-7BD8C178F5A8}.Debug|Win32.ActiveCfg = Debug|Win32
		{1DDE5618-9677-4082-B90A-7BD8C178F5A8}.Debug|Win32.Build.0 = Debug|Win32
		{1DDE5618-9677-4082-B90A-7BD8C178F5A8}.Release|Win32.ActiveCfg = Release|Win32
		{1DDE5618-9677-4082-B90A-7BD8C178F5A8}.Release|Win32.Build.0 = Release|Win32
		{CD09FB25-41AD-46E0-9CAB-90D9438C133C}.Debug|Win32.ActiveCfg = Debug|Win32
		{CD09FB25-41AD-46E0-9CAB-90D9438C133C}.Debug|Win32.Build.0 = Debug|Win32
		{CD09FB25-41AD-46E0-9CAB-90D9438C133C}.Release|Win32.ActiveCfg = Release|Win32
		{CD09FB25-41AD-46E0-9CAB-90D9438C133C}.Release|Win32.Build.0 = Release|Win32
		{3443518D-6997-4995-B765-2D6648A9746C}.Debug|Win32.ActiveCfg = Debug|Win32
		{3443518D-6997-4995-B765-2D6648A9746C}.Debug|Win32.Build.0 = Debug|Win32
		{3443518D-6997-4995-B765-2D6648A9746C}.Release|Win32.ActiveCfg = Release|Win32
		{3443518D-6997-4995-B765-2D6648A9746C}.Release|Win32.Build.0 = Release|Win32
		{66E08800-B86A-41AE-908E-3BECEEEBBC55}.Debug|Win32.ActiveCfg = Debug|Win32
		{66E08800-B86A-41AE-908E-3BECEEEBBC55}.Debug|Win32.Build.0 = Debug|Win32
		{66E08800-B86A-41AE-908E-3BECEEEBBC55}.Release|Win32.ActiveCfg = Release|Win32
		{66E08800-B86A-41AE-908E-3BECEEEBBC55}.Release|Win32.Build.0 = Release|Win32
		{3500A18C-B2EC-4CD4-A56D-B7B89BF1A4F8}.Debug|Win32.ActiveCfg = Debug|Win32
		{3500A18C-B2EC-4CD4-A56D-B7B89BF1A4F8}.Debug|Win32.Build.0 = Debug|Win32
		{3500A18C-B2EC-4CD4-A56D-B7B89BF1A4F8}.Release|Win32.ActiveCfg = Release|Win32
		{3500A18C-B2EC-4CD4-A56D-B7B89BF1A4F8}.Release|Win32.Build.0 = Release|Win32
		{CC3564FE-892D-4E20-83A7-6CD984B588BC}.Debug|Win32.ActiveCfg = Debug|Win32
		{CC3564FE-892D-4E20-83A7-6CD984B588BC}.Debug|Win32.Build.0 = Debug|Win32
		{CC3564FE-892D-4E20-83A7-6CD984B588BC}.Release|Win32.ActiveCfg = Release|Win32
		{CC3564FE-892D-4E20-83A7-6CD984B588BC}.Release|Win32.Build.0 = Release|Win32
		{F5004237-A864-4268-80F2-56DA7E1BE5BB}.Debug|Win32.ActiveCfg = Debug|Win32
		{F5004237-A864-4268-80F2-56DA7E1BE5BB}.Debug|Win32.Build.0 = Debug|Win32
		{F5004237-A864-4268-80F2-56DA7E1BE5BB}.Release|Win32.ActiveCfg = Release|Win32
		{F5004237-A864-4268-80F2-56DA7E1BE5BB}.Release|Win32.Build.0 = Release|Win32
		{3A5F6C36-2972-4BE7-B92E-26FD5F90AC5D}.Debug|Win32.ActiveCfg = Debug|Win32
		{3A5F6C36-2972-4BE7-B92E-26FD5F90AC5D}.Debug|Win32.Build.0 = Debug|Win32
		{3A5F6C36-2972-4BE7-B92E-26FD5F90AC5D}.Release|Win32.ActiveCfg = Release|Win32
		{3A5F6C36-2972-4BE7-B92E-26FD5F90AC5D}.Release|Win32.Build.0 = Release|Win32
		{4E266146-CF1E-49B5-8823-0B642A1E0400}.Debug|Win32.ActiveCfg = Debug|Win32
		{4E266146-CF1E-49B5-8823-0B642A1E0400}.Debug|Win32.Build.0 = Debug|Win32
		{4E266146-CF1E-49B5-8823-0B642A1E0400}.Release|Win32.ActiveCfg = Release|Win32
		{4E266146-CF1E-49B5-8823-0B642A1E0400}.Release|Win32.Build.0 = Release|Win32
		{D7D34FBF-B1EC-4834-B38D-92B1B07EF06A}.Debug|Win32.ActiveCfg = Debug|Win32
		{D7D34FBF-B1EC-4834-B38D-92B1B07EF06A}.Debug|Win32.Build.0 = Debug|Win32
		{D7D34FBF-B1EC-4834-B38D-92B1B07EF06A}.Release|Win32.ActiveCfg = Release|Win32
		{D7D34FBF-B1EC-4834-B38D-92B1B07EF06A}.Release|Win32.Build.0 = Release|Win32
		{6A9193DB-2CB7-486E-A56B-D71B301C3629}.Debug|Win32.ActiveCfg = Debug|Win32
		{6A9193DB-2CB7-486E-A56B-D71B301C3629}.Debug|Win32.Build.0 = Debug|Win32
		{6A9193DB-2CB7-486E-A56B-D71B301C3629}.Release|Win32.ActiveCfg = Release|Win32
		{6A9193DB-2CB7-486E-A56B-D71B301C3629}.Release|Win32.Build.0 = Release|Win32
		{A6FE2F0F-6129-454B-BC5E-82ACA9966B85}.Debug|Win32.ActiveCfg = Debug|Win32
		{A6FE2F0F-6129-454B-BC5E-82ACA9966B85}.Debug|Win32.Build.0 = Debug|Win32
		{A6FE2F0F-6129-454B-BC5E-82ACA9966B85}.Release|Win32.ActiveCfg = Release|Win32
		{A6FE2F0F-6129-454B-BC5E-82ACA9966B85}.Release|Win32.Build.0 = Release|Win32
		{1CBE48C0-7D7C-4AC8-B289-9D0A83DE98BA}.Debug|Win32.ActiveCfg = Debug|Win32
		{1CBE48C0-7D7C-4AC8-B289-9D0A83DE98BA}.Debug|Win32.Build.0 = Debug|Win32
		{1CBE48C0-7D7C-4AC8-B289-9D0A83DE98BA}.Release|Win32.ActiveCfg = Release|Win32
		{1CBE48C0-7D7C-4AC8-B289-9D0A83DE98BA}.Release|Win32.Build.0 = Release|Win32
		{0C2A4083-4148-4B8D-8D37-1972CE949685}.Debug|Win32.ActiveCfg = Debug|Win32
		{0C2A4083-4148-4B8D-8D37-1972CE949685}.Debug|Win32.Build.0 = Debug|Win32
		{0C2A4083-4148-4B8D-8D37-1972CE949685}.Release|Win32.ActiveCfg = Release|Win32
		{0C2A4083-4148-4B8D-8D37-1972CE949685}.Release|Win32.Build.0 = Release|Win32
		{925FD3C9-1F2A-4A39-807D-81EEA014D777}.Debug|Win32.ActiveCfg = Debug|Win32
		{925FD3C9-1F2A-4A39-807D-81EEA014D777}.Debug|Win32.Build.0 = Debug|Win32
		{925FD3C9-1F2A-4A39-807D-81EEA014D777}.Release|Win32.ActiveCfg = Release|Win32
		{925FD3C9-1F2A-4A39-807D-81EEA014D777}.Release|Win32.Build.0 = Release|Win32
		{0193D4C9-0C50-4615-8EF6-4956A5A8419F}.Debug|Win32.ActiveCfg = Debug|Win32
		{0193D4C9-0C50-4615-8EF6-4956A5A8419F}.Debug|Win32.Build.0 = Debug|Win32
		{0193D4C9-0C50-4615-8EF6-4956A5A8419F}.Release|Win32.ActiveCfg = Release|Win32
		{0193D4C9-0C50-4615-8EF6-4956A5A8419F}.Release|Win32.Build.0 = Release|Win32
		{E731E296-6213-48CF-BBA6-9DA7CAF169B3}.Debug|Win32.ActiveCfg = Debug|Win32
		{E731E296-6213-48CF-BBA6-9DA7CAF169B3}.Debug|Win32.Build.0 = Debug|Win32
		{E731E296-6213-48CF-BBA6-9DA7CAF169B3}.Release|Win32.ActiveCfg = Release|Win32
		{E731E296-6213-48CF-BBA6-9DA7CAF169B3}.Release|Win32.Build.0 = Release|Win32
		{D105BDC7-4971-4574-844E-9F7AE43771D7}.Debug|Win32.ActiveCfg = Debug|Win32
		{D105BDC7-4971-4574-844E-9F7AE43771D7}.Debug|Win32.Build.0 = Debug|Win32
		{D105BDC7-4971-4574-844E-9F7AE43771D7}.Release|Win32.ActiveCfg = Release|Win32
		{D105BDC7-4971-4574-844E-9F7AE43771D7}.Release|Win32.Build.0 = Release|Win32
		{DA330B28-0A92-41EF-9433-E9BCD484E8BE}.Debug|Win32.ActiveCfg = Debug|Win32
		{DA330B28-0A92-41EF-9433-E9BCD484E8BE}.Debug|Win32.Build.0 = Debug|Win32
		{DA330B28-0A92-41EF-9433-E9BCD484E8BE}.Release|Win32.ActiveCfg = Release|Win32
		{DA330B28-0A92-41EF-9433-E9BCD484E8BE}.Release|Win32.Build.0 = Release|Win32
		{4B642581-FFD8-48E1-A598-EF01593439A5}.Debug|Win32.ActiveCfg = Debug|Win32
		{4B642581-FFD8-48E1-A598-EF01593439A5}.Debug|Win32.Build.0 = Debug|Win32
		{4B642581-FFD8-48E1-A598-EF01593439A5}.Release|Win32.ActiveCfg = Release|Win32
		{4B642581-FFD8-48E1-A598-EF01593439A5}.Release|Win32.Build.0 = Release|Win32
		{0DACD46F-39A6-4B68-A6D9-C2E64DCEC643}.Debug|Win32.ActiveCfg = Debug|Win32
		{0DACD46F-39A6-4B68-A6D9-C2E64DCEC643}.Debug|Win32.Build.0 = Debug|Win32
		{0DACD46F-39A6-4B68-A6D9-C2E64DCEC643}.Release|Win32.ActiveCfg = Release|Win32
		{0DACD46F-39A6-4B68-A6D9-C2E64DCEC643}.Release|Win32.Build.0 = Release|Win32
		{E781E0D2-0180-4DC1-A2E3-A1E99F6DC618}.Debug|Win32.ActiveCfg = Debug|Win32
		{E781E0D2-0180-4DC1-A2E3-A1E99F6DC618}.Debug|Win32.Build.0 = Debug|Win32
		{E781E0D2-0180-4DC1-A2E3-A1E99F6DC618}.Release|Win32.ActiveCfg = Release|Win32
		{E781E0D2-0180-4DC1-A2E3-A1E99F6DC618}.Release|Win32.Build.0 = Release|Win32
		{7CFCF5B4-33C6-421F-A81D-BC6DA07F39D2}.Debug|Win32.ActiveCfg = Debug|Win32
		{7CFCF5B4-33C6-421F-A81D-BC6DA07F39D2}.Debug|Win32.Build.0 = Debug|Win32
		{7CFCF5B4-33C6-421F-A81D-BC6DA07F39D2}.Release|Win32.ActiveCfg = Release|Win32
		{7CFCF5B4-33C6-421F-A81D-BC6DA07F39D2}.Release|Win32.Build.0 = Release|Win32
		{E9E1824A-2592-4102-A159-660BA4E128A3}.Debug|Win32.ActiveCfg = Debug|Win32
		{E9E1824A-2592-4102-A159-660BA4E128A3}.Debug|Win32.Build.0 = Debug|Win32
		{E9E1824A-2592-4102-A159-660BA4E128A3}.Release|Win32.ActiveCfg = Release|Win32
		{E9E1824A-2592-4102-A159-660BA4E128A3}.Release|Win32.Build.0 = Release|Win32
		{4DBC9180-832E-4CE5-BBA4-95F3823E29E1}.Debug|Win32.ActiveCfg = Debug|Win32
		{4DBC9180-832E-4CE5-BBA4-95F3823E29E1}.Debug|Win32.Build.0 = Debug|Win32
		{4DBC9180-832E-4CE5-BBA4-95F3823E29E1}.Release|Win32.ActiveCfg = Release|Win32
		{4DBC9180-832E-4CE5-BBA4-95F3823E29E1}.Release|Win32.Build.0 = Release|Win32
		{557F87CD-2312-4C6C-A471-B101813CF2F4}.Debug|Win32.ActiveCfg = Debug|Win32
		{557F87CD-2312-4C6C-A471-B101813CF2F4}.Debug|Win32.Build.0 = Debug|Win32
		{557F87CD-2312-4C6C-A471-B101813CF2F4}.Release|Win32.ActiveCfg = Release|Win32
		{557F87CD-2312-4C6C-A471-B101813CF2F4}.Release|Win32.Build.0 = Release|Win32
		{4F25DD27-8484-48D4-A9E0-464FAFB54A05}.Debug|Win32.ActiveCfg = Debug|Win32
		{4F25DD27-8484-48D4-A9E0-464FAFB54A05}.Debug|Win32.Build.0 = Debug|Win32
		{4F25DD27-8484-48D4-A9E0-464FAFB54A05}.Release|Win32.ActiveCfg = Release|Win32
		{4F25DD27-8484-48D4-A9E0-464FAFB54A05}.Release|Win32.Build.0 = Release|Win32
		{6829BF37-3EE0-4A69-8557-0123C7F80656}.Debug|Win32.ActiveCfg = Debug|Win32
		{6829BF37-3EE0-4A69-8557-0123C7F80656}.Debug|Win32.Build.0 = Debug|Win32
		{6829BF37-3EE0-4A69-8557-0123C7F80656}.Release|Win32.ActiveCfg = Release|Win32
		{6829BF37-3EE0-4A69-8557-0123C7F80656}.Release|Win32.Build.0 = Release|Win32
		{4847CE94-BCC3-4702-97B6-1418AF999054}.Debug|Win32.ActiveCfg = Debug|Win32
		{4847CE94-BCC3-4702-97B6-1418AF999054}.Debug|Win32.Build.0 = Debug|Win32
		{4847CE94-BCC3-4702-97B6-1418AF999054}.Release|Win32.ActiveCfg = Release|Win32
		{4847CE94-BCC3-4702-97B6-1418AF999054}.Release|Win32.Build.0 = Release|Win32
		{578305CB-3E4F-4FA1-B396-D946454AE98C}.Debug|Win32.ActiveCfg = Debug|Win32
		{578305CB-3E4F-4FA1-B396-D946454AE98C}.Debug|Win32.Build.0 = Debug|Win32
		{578305CB-3E4F-4FA1-B396-D946454AE98C}.Release|Win32.ActiveCfg = Release|Win32
		{578305CB-3E4F-4FA1-B396-D946454AE98C}.Release|Win32.Build.0 = Release|Win32
		{A4048631-C1D0-4552-AC6C-D72F1C3B439C}.Debug|Win32.ActiveCfg = Debug|Win32
		{A4048631-C1D0-4552-AC6C-D72F1C3B439C}.Debug|Win32.Build.0 = Debug|Win32
		{A4048631-C1D0-4552-AC6C-D72F1C3B439C}.Release|Win32.ActiveCfg = Release|Win32
		{A4048631-C1D0-4552-AC6C-D72F1C3B439C}.Release|Win32.Build.0 = Release|Win32
		{7706E9EA-5230-4736-A060-2192FD339108}.Debug|Win32.ActiveCfg = Debug|Win32
		{7706E9EA-5230-4736-A060-2192FD339108}.Debug|Win32.Build.0 = Debug|Win32
		{7706E9EA-5230-4736-A060-2192FD339108}.Release|Win32.ActiveCfg = Release|Win32
		{7706E9EA-5230-4736-A060-2192FD339108}.Release|Win32.Build.0 = Release|Win32
		{4663E12C-9DF4-4587-B453-5B8A4A1164D5}.Debug|Win32.ActiveCfg = Debug|Win32
		{4663E12C-9DF4-4587-B453-5B8A4A1164D5}.Debug|Win32.Build.0 = Debug|Win32
		{4663E12C-9DF4-4587-B453-5B8A4A1164D5}.Release|Win32.ActiveCfg = Release|Win32
		{4663E12C-9DF4-4587-B453-5B8A4A1164D5}.Release|Win32.Build.0 = Release|Win32
		{822F3E79-9757-453C-BBC0-130D46B2FC3B}.Debug|Win32.ActiveCfg = Debug|Win32
		{822F3E79-9757-453C-BBC0-130D46B2FC3B}.Debug|Win32.Build.0 = Debug|Win32
		{822F3E79-9757-453C-BBC0-130D46B2FC3B}.Release|Win32.ActiveCfg = Release|Win32
		{822F3E79-9757-453C-BBC0-130D46B2FC3B}.Release|Win32.Build.0 = Release|Win32
		{0E45EEB3-6E44-4B2C-BC9E-BCAEA4B57877}.Debug|Win32.ActiveCfg = Debug|Win32
		{0E45EEB3-6E44-4B2C-BC9E-BCAEA4B57877}.Debug|Win32.Build.0 = Debug|Win32
		{0E45EEB3-6E44-4B2C-BC9E-BCAEA4B57877}.Release|Win32.ActiveCfg = Release|Win32
		{0E45EEB3-6E44-4B2C-BC9E-BCAEA4B57877}.Release|Win32.Build.0 = Release|Win32
		{CFD6B060-4F29-4FEC-B44A-97509F777F1F}.Debug|Win32.ActiveCfg = Debug|Win32
		{CFD6B060-4F29-4FEC-B44A-97509F777F1F}.Debug|Win32.Build.0 = Debug|Win32
		{CFD6B060-4F29-4FEC-B44A-97509F777F1F}.Release|Win32.ActiveCfg = Release|Win32
		{CFD6B060-4F29-4FEC-B44A-97509F777F1F}.Release|Win32.Build.0 = Release|Win32
		{07D28339-C5ED-456A-AECD-832CD911A00A}.Debug|Win32.ActiveCfg = Debug|Win32
		{07D28339-C5ED-456A-AECD-832CD911A00A}.Debug|Win32.Build.0 = Debug|Win32
		{07D28339-C5ED-456A-AECD-832CD911A00A}.Release|Win32.ActiveCfg = Release|Win32
		{07D28339-C5ED-456A-AECD-832CD911A00A}.Release|Win32.Build.0 = Release|Win32
		{5204A4E2-4A9D-4831-9130-BEDC801017CF}.Debug|Win32.ActiveCfg = Debug|Win32
		{5204A4E2-4A9D-4831-9130-BEDC801017CF}.Debug|Win32.Build.0 = Debug|Win32
		{5204A4E2-4A9D-4831-9130-BEDC801017CF}.Release|Win32.ActiveCfg = Release|Win32
		{5204A4E2-4A9D-4831-9130-BEDC801017CF}.Release|Win32.Build.0 = Release|Win32
		{32F53776-8B42-4528-8249-A3D3041C1229}.Debug|Win32.ActiveCfg = Debug|Win32
		{32F53776-8B42-4528-8249-A3D3041C1229}.Debug|Win32.Build.0 = Debug|Win32
		{32F53776-8B42-4528-8249-A3D3041C1229}.Release|Win32.ActiveCfg = Release|Win32
		{32F53776-8B42-4528-8249-A3D3041C1229}.Release|Win32.Build.0 = Release|Win32
		{42E71172-9D61-468A-9868-12A65F0028D4}.Debug|Win32.ActiveCfg = Debug|Win32
		{42E71172-9D61-468A-9868-12A65F0028D4}.Debug|Win32.Build.0 = Debug|Win32
		{42E71172-9D61-468A-9868-12A65F0028D4}.Release|Win32.ActiveCfg = Release|Win32
		{42E71172-9D61-468A-9868-12A65F0028D4}.Release|Win32.Build.0 = Release|Win32
		{BF8AEC0B-0114-43BB-8229-BC24D8C1DE44}.Debug|Win32.ActiveCfg = Debug|Win32
		{BF8AEC0B-0114-43BB-8229-BC24D8C1DE44}.Debug|Win32.Build.0 = Debug|Win32
		{BF8AEC0B-0114-43BB-8229-BC24D8C1DE44}.Release|Win32.ActiveCfg = Release|Win32
		{BF8AEC0B-0114-43BB-8229-BC24D8C1DE44}.Release|Win32.Build.0 = Release|Win32
		{27EB598F-3F62-42B2-955D-53F8453E798C}.Debug|Win32.ActiveCfg = Debug|Win32
		{27EB598F-3F62-42B2-955D-53F8453E798C}.Debug|Win32.Build.0 = Debug|Win32
		{27EB598F-3F62-42B2-955D-53F8453E798C}.Release|Win32.ActiveCfg = Release|Win32
		{27EB598F-3F62-42B2-955D-53F8453E798C}.Release|Win32.Build.0 = Release|Win32
		{22D11942-2E25-4EFC-99BE-6FA65DEF9BB8}.Debug|Win32.ActiveCfg = Debug|Win32
		{22D11942-2E25-4EFC-99BE-6FA65DEF9BB8}.Debug|Win32.Build.0 = Debug|Win32
		{22D11942-2E25-4EFC-99BE-6FA65DEF9BB8}.Release|Win32.ActiveCfg = Release|Win32
		{22D11942-2E25-4EFC-99BE-6FA65DEF9BB8}.Release|Win32.Build.0 = Release|Win32
		{8D224623-34AB-4DD9-9466-EDB4F6B41C05}.Debug|Win32.ActiveCfg = Debug|Win32
		{8D224623-34AB-4DD9-9466-EDB4F6B41C05}.Debug|Win32.Build.0 = Debug|Win32
		{8D224623-34AB-4DD9-9466-EDB4F6B41C05}.Release|Win32.ActiveCfg = Release|Win32
		{8D224623-34AB-4DD9-9466-EDB4F6B41C05}.Release|Win32.Build.0 = Release|Win32
		{F6FB4A3E-01C7-40E8-A952-8442BB51DABF}.Debug|Win32.ActiveCfg = Debug|Win32
		{F6FB4A3E-01C7-40E8-A952-8442BB51DABF}.Debug|Win32.Build.0 = Debug|Win32
		{F6FB4A3E-01C7-40E8-A952-8442BB51DABF}.Release|Win32.ActiveCfg = Release|Win32
		{F6FB4A3E-01C7-40E8-A952-8442BB51DABF}.Release|Win32.Build.0 = Release|Win32
		{227FA8EF-6580-4983-9621-5CBA754E7752}.Debug|Win32.ActiveCfg = Debug|Win32
		{227FA8EF-6580-4983-9621-5CBA754E7752}.Debug|Win32.Build.0 = Debug|Win32
		{227FA8EF-6580-4983-9621-5CBA754E7752}.Release|Win32.ActiveCfg = Release|Win32
		{227FA8EF-6580-4983-9621-5CBA754E7752}.Release|Win32.Build.0 = Release|Win32
		{C1206099-740D-4210-9229-111196DE9845}.Debug|Win32.ActiveCfg = Debug|Win32
		{C1206099-740D-4210-9229-111196DE9845}.Debug|Win32.Build.0 = Debug|Win32
		{C1206099-740D-4210-9229-111196DE9845}.Release|Win32.ActiveCfg = Release|Win32
		{C1206099-740D-4210-9229-111196DE9845}.Release|Win32.Build.0 = Release|Win32
		{A9A9217F-FEEC-4EA8-B74F-FFA80B52E36C}.Debug|Win32.ActiveCfg = Debug|Win32
		{A9A9217F-FEEC-4EA8-B74F-FFA80B52E36C}.Debug|Win32.Build.0 = Debug|Win32
		{A9A9217F-FEEC-4EA8-B74F-FFA80B52E36C}.Release|Win32.ActiveCfg = Release|Win32
		{A9A9217F-FEEC-4EA8-B74F-FFA80B52E36C}.Release|Win32.Build.0 = Release|Win32
		{3DE3D570-69EA-472D-9423-3681C19CF17E}.Debug|Win32.ActiveCfg = Debug|Win32
		{3DE3D570-69EA-472D-9423-3681C19CF17E}.Debug|Win32.Build.0 = Debug|Win32
		{3DE3D570-69EA-472D-9423-3681C19CF17E}.Release|Win32.ActiveCfg = Release|Win32
		{3DE3D570-69EA-472D-9423-3681C19CF17E}.Release|Win32.Build.0 = Release|Win32
	EndGlobalSection
	GlobalSection(SolutionProperties) = preSolution
		HideSolutionNode = FALSE
	EndGlobalSection
	GlobalSection(NestedProjects) = preSolution
		{16524A32-E9D5-46B2-BCFB-809D2A641FB7} = {E9FAB1B8-1988-40C2-ABB1-84F24F2CF07E}
		{93B508CD-0770-428F-AFC0-5E79D556B3EE} = {E9FAB1B8-1988-40C2-ABB1-84F24F2CF07E}
		{007ED693-D6D8-4F39-8F0A-21A041174B98} = {E9FAB1B8-1988-40C2-ABB1-84F24F2CF07E}
		{A5F17930-B291-4F83-87DB-9BCF64F68A6A} = {E9FAB1B8-1988-40C2-ABB1-84F24F2CF07E}
		{DED4BF71-C70C-42D5-A78E-39F2E453BE0B} = {E9FAB1B8-1988-40C2-ABB1-84F24F2CF07E}
		{2FB5EDE9-0728-4139-B893-7093C4EA96EC} = {E9FAB1B8-1988-40C2-ABB1-84F24F2CF07E}
		{7E48AC62-8109-4231-AA01-32ADF5FAA786} = {E9FAB1B8-1988-40C2-ABB1-84F24F2CF07E}
		{04062EFD-AB7E-4881-9098-353A467A6BA5} = {E9FAB1B8-1988-40C2-ABB1-84F24F2CF07E}
		{8A484FC8-F28D-41AA-86D2-4AEB3F37222D} = {E9FAB1B8-1988-40C2-ABB1-84F24F2CF07E}
		{094BE633-036C-4BEB-819E-DF03D3B55D47} = {E9FAB1B8-1988-40C2-ABB1-84F24F2CF07E}
		{05CF58CF-1E0B-4F63-8F97-79EF55863D9D} = {E9FAB1B8-1988-40C2-ABB1-84F24F2CF07E}
		{5600721A-1C45-4085-95FB-6F255972E3EC} = {E9FAB1B8-1988-40C2-ABB1-84F24F2CF07E}
		{F5004237-A864-4268-80F2-56DA7E1BE5BB} = {E9FAB1B8-1988-40C2-ABB1-84F24F2CF07E}
		{A885976E-F9AC-42CE-906C-7EE8690C5687} = {B458DE41-F5AB-44F3-9550-77B2880AED0A}
		{1DDE5618-9677-4082-B90A-7BD8C178F5A8} = {B458DE41-F5AB-44F3-9550-77B2880AED0A}
		{CD09FB25-41AD-46E0-9CAB-90D9438C133C} = {B458DE41-F5AB-44F3-9550-77B2880AED0A}
		{3443518D-6997-4995-B765-2D6648A9746C} = {B458DE41-F5AB-44F3-9550-77B2880AED0A}
		{66E08800-B86A-41AE-908E-3BECEEEBBC55} = {B458DE41-F5AB-44F3-9550-77B2880AED0A}
		{3500A18C-B2EC-4CD4-A56D-B7B89BF1A4F8} = {B458DE41-F5AB-44F3-9550-77B2880AED0A}
		{CC3564FE-892D-4E20-83A7-6CD984B588BC} = {B458DE41-F5AB-44F3-9550-77B2880AED0A}
		{3A5F6C36-2972-4BE7-B92E-26FD5F90AC5D} = {B458DE41-F5AB-44F3-9550-77B2880AED0A}
		{27EB598F-3F62-42B2-955D-53F8453E798C} = {B458DE41-F5AB-44F3-9550-77B2880AED0A}
		{22D11942-2E25-4EFC-99BE-6FA65DEF9BB8} = {B458DE41-F5AB-44F3-9550-77B2880AED0A}
		{8D224623-34AB-4DD9-9466-EDB4F6B41C05} = {B458DE41-F5AB-44F3-9550-77B2880AED0A}
		{227FA8EF-6580-4983-9621-5CBA754E7752} = {B458DE41-F5AB-44F3-9550-77B2880AED0A}
		{C1206099-740D-4210-9229-111196DE9845} = {B458DE41-F5AB-44F3-9550-77B2880AED0A}
		{A9A9217F-FEEC-4EA8-B74F-FFA80B52E36C} = {B458DE41-F5AB-44F3-9550-77B2880AED0A}
		{3DE3D570-69EA-472D-9423-3681C19CF17E} = {B458DE41-F5AB-44F3-9550-77B2880AED0A}
		{E731E296-6213-48CF-BBA6-9DA7CAF169B3} = {BBD93495-5B37-4DEE-B77D-BDADB67E6BC9}
		{D105BDC7-4971-4574-844E-9F7AE43771D7} = {BBD93495-5B37-4DEE-B77D-BDADB67E6BC9}
		{4E266146-CF1E-49B5-8823-0B642A1E0400} = {9FE276EB-D38C-4771-B84F-B44C71DCCBFA}
		{D7D34FBF-B1EC-4834-B38D-92B1B07EF06A} = {9FE276EB-D38C-4771-B84F-B44C71DCCBFA}
		{6A9193DB-2CB7-486E-A56B-D71B301C3629} = {9FE276EB-D38C-4771-B84F-B44C71DCCBFA}
		{A6FE2F0F-6129-454B-BC5E-82ACA9966B85} = {9FE276EB-D38C-4771-B84F-B44C71DCCBFA}
		{1CBE48C0-7D7C-4AC8-B289-9D0A83DE98BA} = {9FE276EB-D38C-4771-B84F-B44C71DCCBFA}
		{0C2A4083-4148-4B8D-8D37-1972CE949685} = {9FE276EB-D38C-4771-B84F-B44C71DCCBFA}
		{925FD3C9-1F2A-4A39-807D-81EEA014D777} = {9FE276EB-D38C-4771-B84F-B44C71DCCBFA}
		{0193D4C9-0C50-4615-8EF6-4956A5A8419F} = {9FE276EB-D38C-4771-B84F-B44C71DCCBFA}
		{DA330B28-0A92-41EF-9433-E9BCD484E8BE} = {80CB5B60-A899-4D3E-84AD-6CF56754E698}
		{4B642581-FFD8-48E1-A598-EF01593439A5} = {80CB5B60-A899-4D3E-84AD-6CF56754E698}
		{0DACD46F-39A6-4B68-A6D9-C2E64DCEC643} = {80CB5B60-A899-4D3E-84AD-6CF56754E698}
		{E781E0D2-0180-4DC1-A2E3-A1E99F6DC618} = {80CB5B60-A899-4D3E-84AD-6CF56754E698}
		{7CFCF5B4-33C6-421F-A81D-BC6DA07F39D2} = {80CB5B60-A899-4D3E-84AD-6CF56754E698}
		{E9E1824A-2592-4102-A159-660BA4E128A3} = {80CB5B60-A899-4D3E-84AD-6CF56754E698}
		{4DBC9180-832E-4CE5-BBA4-95F3823E29E1} = {80CB5B60-A899-4D3E-84AD-6CF56754E698}
		{557F87CD-2312-4C6C-A471-B101813CF2F4} = {80CB5B60-A899-4D3E-84AD-6CF56754E698}
		{4F25DD27-8484-48D4-A9E0-464FAFB54A05} = {80CB5B60-A899-4D3E-84AD-6CF56754E698}
		{6829BF37-3EE0-4A69-8557-0123C7F80656} = {80CB5B60-A899-4D3E-84AD-6CF56754E698}
		{4847CE94-BCC3-4702-97B6-1418AF999054} = {80CB5B60-A899-4D3E-84AD-6CF56754E698}
		{578305CB-3E4F-4FA1-B396-D946454AE98C} = {80CB5B60-A899-4D3E-84AD-6CF56754E698}
		{A4048631-C1D0-4552-AC6C-D72F1C3B439C} = {80CB5B60-A899-4D3E-84AD-6CF56754E698}
		{7706E9EA-5230-4736-A060-2192FD339108} = {80CB5B60-A899-4D3E-84AD-6CF56754E698}
		{4663E12C-9DF4-4587-B453-5B8A4A1164D5} = {80CB5B60-A899-4D3E-84AD-6CF56754E698}
		{822F3E79-9757-453C-BBC0-130D46B2FC3B} = {80CB5B60-A899-4D3E-84AD-6CF56754E698}
		{0E45EEB3-6E44-4B2C-BC9E-BCAEA4B57877} = {80CB5B60-A899-4D3E-84AD-6CF56754E698}
		{CFD6B060-4F29-4FEC-B44A-97509F777F1F} = {80CB5B60-A899-4D3E-84AD-6CF56754E698}
		{07D28339-C5ED-456A-AECD-832CD911A00A} = {80CB5B60-A899-4D3E-84AD-6CF56754E698}
		{5204A4E2-4A9D-4831-9130-BEDC801017CF} = {80CB5B60-A899-4D3E-84AD-6CF56754E698}
		{32F53776-8B42-4528-8249-A3D3041C1229} = {80CB5B60-A899-4D3E-84AD-6CF56754E698}
		{42E71172-9D61-468A-9868-12A65F0028D4} = {80CB5B60-A899-4D3E-84AD-6CF56754E698}
		{BF8AEC0B-0114-43BB-8229-BC24D8C1DE44} = {80CB5B60-A899-4D3E-84AD-6CF56754E698}
		{F6FB4A3E-01C7-40E8-A952-8442BB51DABF} = {0F593BF1-3DA9-4BAE-AFAF-E5344D1DFA85}
	EndGlobalSection
EndGlobal
