
Microsoft Visual Studio Solution File, Format Version 11.00
# Visual Studio 2010
Project("{8BC9CEB8-8B4A-11D0-8D11-00A0C91BC942}") = "静态绑定和动态绑定", "静态绑定和动态绑定\静态绑定和动态绑定.vcxproj", "{1CBE48C0-7D7C-4AC8-B289-9D0A83DE98BA}"
EndProject
Project("{8BC9CEB8-8B4A-11D0-8D11-00A0C91BC942}") = "静态多态和动态多态", "静态多态和动态多态\静态多态和动态多态.vcxproj", "{0C2A4083-4148-4B8D-8D37-1972CE949685}"
EndProject
Project("{8BC9CEB8-8B4A-11D0-8D11-00A0C91BC942}") = "名字重整(NameMangling)", "名字重整(NameMangling)\名字重整(NameMangling).vcxproj", "{925FD3C9-1F2A-4A39-807D-81EEA014D777}"
EndProject
Project("{8BC9CEB8-8B4A-11D0-8D11-00A0C91BC942}") = "指针常量和常量指针", "指针常量和常量指针\指针常量和常量指针.vcxproj", "{0193D4C9-0C50-4615-8EF6-4956A5A8419F}"
EndProject
Project("{8BC9CEB8-8B4A-11D0-8D11-00A0C91BC942}") = "strlen_sizeof", "strlen_sizeof\strlen_sizeof.vcxproj", "{D7D34FBF-B1EC-4834-B38D-92B1B07EF06A}"
EndProject
Project("{8BC9CEB8-8B4A-11D0-8D11-00A0C91BC942}") = "do-while(0)", "do-while(0)\do-while(0).vcxproj", "{4E266146-CF1E-49B5-8823-0B642A1E0400}"
EndProject
Project("{2150E333-8FDC-42A3-9474-1A3956D46DE8}") = "STL", "STL", "{E9FAB1B8-1988-40C2-ABB1-84F24F2CF07E}"
EndProject
Project("{8BC9CEB8-8B4A-11D0-8D11-00A0C91BC942}") = "time", "time\time.vcxproj", "{6A9193DB-2CB7-486E-A56B-D71B301C3629}"
EndProject
Project("{8BC9CEB8-8B4A-11D0-8D11-00A0C91BC942}") = "dequeDemo", "STL\dequeDemo\dequeDemo.vcxproj", "{16524A32-E9D5-46B2-BCFB-809D2A641FB7}"
EndProject
Project("{8BC9CEB8-8B4A-11D0-8D11-00A0C91BC942}") = "listDemo", "STL\listDemo\listDemo.vcxproj", "{93B508CD-0770-428F-AFC0-5E79D556B3EE}"
EndProject
Project("{8BC9CEB8-8B4A-11D0-8D11-00A0C91BC942}") = "mapDemo", "STL\mapDemo\mapDemo.vcxproj", "{007ED693-D6D8-4F39-8F0A-21A041174B98}"
EndProject
Project("{8BC9CEB8-8B4A-11D0-8D11-00A0C91BC942}") = "multimapDemo", "STL\multimapDemo\multimapDemo.vcxproj", "{A5F17930-B291-4F83-87DB-9BCF64F68A6A}"
EndProject
Project("{8BC9CEB8-8B4A-11D0-8D11-00A0C91BC942}") = "multisetDemo", "STL\multisetDemo\multisetDemo.vcxproj", "{DED4BF71-C70C-42D5-A78E-39F2E453BE0B}"
EndProject
Project("{8BC9CEB8-8B4A-11D0-8D11-00A0C91BC942}") = "queueDemo", "STL\queueDemo\queueDemo.vcxproj", "{2FB5EDE9-0728-4139-B893-7093C4EA96EC}"
EndProject
Project("{8BC9CEB8-8B4A-11D0-8D11-00A0C91BC942}") = "setDemo", "STL\setDemo\setDemo.vcxproj", "{7E48AC62-8109-4231-AA01-32ADF5FAA786}"
EndProject
Project("{8BC9CEB8-8B4A-11D0-8D11-00A0C91BC942}") = "stackDemo", "STL\stackDemo\stackDemo.vcxproj", "{04062EFD-AB7E-4881-9098-353A467A6BA5}"
EndProject
Project("{8BC9CEB8-8B4A-11D0-8D11-00A0C91BC942}") = "vector_list", "STL\vector_list\vector_list.vcxproj", "{8A484FC8-F28D-41AA-86D2-4AEB3F37222D}"
EndProject
Project("{8BC9CEB8-8B4A-11D0-8D11-00A0C91BC942}") = "vectorDemo", "STL\vectorDemo\vectorDemo.vcxproj", "{094BE633-036C-4BEB-819E-DF03D3B55D47}"
EndProject
Project("{8BC9CEB8-8B4A-11D0-8D11-00A0C91BC942}") = "string分割", "STL\string分割\string分割.vcxproj", "{05CF58CF-1E0B-4F63-8F97-79EF55863D9D}"
EndProject
Project("{8BC9CEB8-8B4A-11D0-8D11-00A0C91BC942}") = "函数对象Demo", "函数对象Demo\函数对象Demo.vcxproj", "{A6FE2F0F-6129-454B-BC5E-82ACA9966B85}"
EndProject
Project("{8BC9CEB8-8B4A-11D0-8D11-00A0C91BC942}") = "heapDemo", "STL\heapDemo\heapDemo.vcxproj", "{5600721A-1C45-4085-95FB-6F255972E3EC}"
EndProject
Project("{2150E333-8FDC-42A3-9474-1A3956D46DE8}") = "tools", "tools", "{B458DE41-F5AB-44F3-9550-77B2880AED0A}"
EndProject
Project("{8BC9CEB8-8B4A-11D0-8D11-00A0C91BC942}") = "求两个文件的差异", "tools\求两个文件的差异\求两个文件的差异.vcxproj", "{A885976E-F9AC-42CE-906C-7EE8690C5687}"
EndProject
Project("{8BC9CEB8-8B4A-11D0-8D11-00A0C91BC942}") = "LittleOrBigEndian", "tools\LittleOrBigEndian\LittleOrBigEndian.vcxproj", "{F3AC8666-F42F-4B87-8D21-FD461EFC4470}"
EndProject
Project("{8BC9CEB8-8B4A-11D0-8D11-00A0C91BC942}") = "字符串模糊匹配(fnmatch)", "tools\字符串模糊匹配(fnmatch)\字符串模糊匹配(fnmatch).vcxproj", "{1DDE5618-9677-4082-B90A-7BD8C178F5A8}"
EndProject
Project("{8BC9CEB8-8B4A-11D0-8D11-00A0C91BC942}") = "CStopWatch", "tools\CStopWatch\CStopWatch.vcxproj", "{CD09FB25-41AD-46E0-9CAB-90D9438C133C}"
EndProject
Project("{8BC9CEB8-8B4A-11D0-8D11-00A0C91BC942}") = "GBKtoUTF8", "tools\GBKtoUTF8\GBKtoUTF8.vcxproj", "{3443518D-6997-4995-B765-2D6648A9746C}"
EndProject
Project("{8BC9CEB8-8B4A-11D0-8D11-00A0C91BC942}") = "str_func", "tools\str_func\str_func.vcxproj", "{66E08800-B86A-41AE-908E-3BECEEEBBC55}"
EndProject
Project("{8BC9CEB8-8B4A-11D0-8D11-00A0C91BC942}") = "Google_FlatBuffers_Test", "tools\Google_FlatBuffers_Test\Google_FlatBuffers_Test.vcxproj", "{3500A18C-B2EC-4CD4-A56D-B7B89BF1A4F8}"
EndProject
Global
	GlobalSection(SolutionConfigurationPlatforms) = preSolution
		Debug|Win32 = Debug|Win32
		Release|Win32 = Release|Win32
	EndGlobalSection
	GlobalSection(ProjectConfigurationPlatforms) = postSolution
		{1CBE48C0-7D7C-4AC8-B289-9D0A83DE98BA}.Debug|Win32.ActiveCfg = Debug|Win32
		{1CBE48C0-7D7C-4AC8-B289-9D0A83DE98BA}.Debug|Win32.Build.0 = Debug|Win32
		{1CBE48C0-7D7C-4AC8-B289-9D0A83DE98BA}.Release|Win32.ActiveCfg = Release|Win32
		{1CBE48C0-7D7C-4AC8-B289-9D0A83DE98BA}.Release|Win32.Build.0 = Release|Win32
		{0C2A4083-4148-4B8D-8D37-1972CE949685}.Debug|Win32.ActiveCfg = Debug|Win32
		{0C2A4083-4148-4B8D-8D37-1972CE949685}.Debug|Win32.Build.0 = Debug|Win32
		{0C2A4083-4148-4B8D-8D37-1972CE949685}.Release|Win32.ActiveCfg = Release|Win32
		{0C2A4083-4148-4B8D-8D37-1972CE949685}.Release|Win32.Build.0 = Release|Win32
		{925FD3C9-1F2A-4A39-807D-81EEA014D777}.Debug|Win32.ActiveCfg = Debug|Win32
		{925FD3C9-1F2A-4A39-807D-81EEA014D777}.Debug|Win32.Build.0 = Debug|Win32
		{925FD3C9-1F2A-4A39-807D-81EEA014D777}.Release|Win32.ActiveCfg = Release|Win32
		{925FD3C9-1F2A-4A39-807D-81EEA014D777}.Release|Win32.Build.0 = Release|Win32
		{0193D4C9-0C50-4615-8EF6-4956A5A8419F}.Debug|Win32.ActiveCfg = Debug|Win32
		{0193D4C9-0C50-4615-8EF6-4956A5A8419F}.Debug|Win32.Build.0 = Debug|Win32
		{0193D4C9-0C50-4615-8EF6-4956A5A8419F}.Release|Win32.ActiveCfg = Release|Win32
		{0193D4C9-0C50-4615-8EF6-4956A5A8419F}.Release|Win32.Build.0 = Release|Win32
		{D7D34FBF-B1EC-4834-B38D-92B1B07EF06A}.Debug|Win32.ActiveCfg = Debug|Win32
		{D7D34FBF-B1EC-4834-B38D-92B1B07EF06A}.Debug|Win32.Build.0 = Debug|Win32
		{D7D34FBF-B1EC-4834-B38D-92B1B07EF06A}.Release|Win32.ActiveCfg = Release|Win32
		{D7D34FBF-B1EC-4834-B38D-92B1B07EF06A}.Release|Win32.Build.0 = Release|Win32
		{4E266146-CF1E-49B5-8823-0B642A1E0400}.Debug|Win32.ActiveCfg = Debug|Win32
		{4E266146-CF1E-49B5-8823-0B642A1E0400}.Debug|Win32.Build.0 = Debug|Win32
		{4E266146-CF1E-49B5-8823-0B642A1E0400}.Release|Win32.ActiveCfg = Release|Win32
		{4E266146-CF1E-49B5-8823-0B642A1E0400}.Release|Win32.Build.0 = Release|Win32
		{6A9193DB-2CB7-486E-A56B-D71B301C3629}.Debug|Win32.ActiveCfg = Debug|Win32
		{6A9193DB-2CB7-486E-A56B-D71B301C3629}.Debug|Win32.Build.0 = Debug|Win32
		{6A9193DB-2CB7-486E-A56B-D71B301C3629}.Release|Win32.ActiveCfg = Release|Win32
		{6A9193DB-2CB7-486E-A56B-D71B301C3629}.Release|Win32.Build.0 = Release|Win32
		{16524A32-E9D5-46B2-BCFB-809D2A641FB7}.Debug|Win32.ActiveCfg = Debug|Win32
		{16524A32-E9D5-46B2-BCFB-809D2A641FB7}.Debug|Win32.Build.0 = Debug|Win32
		{16524A32-E9D5-46B2-BCFB-809D2A641FB7}.Release|Win32.ActiveCfg = Release|Win32
		{16524A32-E9D5-46B2-BCFB-809D2A641FB7}.Release|Win32.Build.0 = Release|Win32
		{93B508CD-0770-428F-AFC0-5E79D556B3EE}.Debug|Win32.ActiveCfg = Debug|Win32
		{93B508CD-0770-428F-AFC0-5E79D556B3EE}.Debug|Win32.Build.0 = Debug|Win32
		{93B508CD-0770-428F-AFC0-5E79D556B3EE}.Release|Win32.ActiveCfg = Release|Win32
		{93B508CD-0770-428F-AFC0-5E79D556B3EE}.Release|Win32.Build.0 = Release|Win32
		{007ED693-D6D8-4F39-8F0A-21A041174B98}.Debug|Win32.ActiveCfg = Debug|Win32
		{007ED693-D6D8-4F39-8F0A-21A041174B98}.Debug|Win32.Build.0 = Debug|Win32
		{007ED693-D6D8-4F39-8F0A-21A041174B98}.Release|Win32.ActiveCfg = Release|Win32
		{007ED693-D6D8-4F39-8F0A-21A041174B98}.Release|Win32.Build.0 = Release|Win32
		{A5F17930-B291-4F83-87DB-9BCF64F68A6A}.Debug|Win32.ActiveCfg = Debug|Win32
		{A5F17930-B291-4F83-87DB-9BCF64F68A6A}.Debug|Win32.Build.0 = Debug|Win32
		{A5F17930-B291-4F83-87DB-9BCF64F68A6A}.Release|Win32.ActiveCfg = Release|Win32
		{A5F17930-B291-4F83-87DB-9BCF64F68A6A}.Release|Win32.Build.0 = Release|Win32
		{DED4BF71-C70C-42D5-A78E-39F2E453BE0B}.Debug|Win32.ActiveCfg = Debug|Win32
		{DED4BF71-C70C-42D5-A78E-39F2E453BE0B}.Debug|Win32.Build.0 = Debug|Win32
		{DED4BF71-C70C-42D5-A78E-39F2E453BE0B}.Release|Win32.ActiveCfg = Release|Win32
		{DED4BF71-C70C-42D5-A78E-39F2E453BE0B}.Release|Win32.Build.0 = Release|Win32
		{2FB5EDE9-0728-4139-B893-7093C4EA96EC}.Debug|Win32.ActiveCfg = Debug|Win32
		{2FB5EDE9-0728-4139-B893-7093C4EA96EC}.Debug|Win32.Build.0 = Debug|Win32
		{2FB5EDE9-0728-4139-B893-7093C4EA96EC}.Release|Win32.ActiveCfg = Release|Win32
		{2FB5EDE9-0728-4139-B893-7093C4EA96EC}.Release|Win32.Build.0 = Release|Win32
		{7E48AC62-8109-4231-AA01-32ADF5FAA786}.Debug|Win32.ActiveCfg = Debug|Win32
		{7E48AC62-8109-4231-AA01-32ADF5FAA786}.Debug|Win32.Build.0 = Debug|Win32
		{7E48AC62-8109-4231-AA01-32ADF5FAA786}.Release|Win32.ActiveCfg = Release|Win32
		{7E48AC62-8109-4231-AA01-32ADF5FAA786}.Release|Win32.Build.0 = Release|Win32
		{04062EFD-AB7E-4881-9098-353A467A6BA5}.Debug|Win32.ActiveCfg = Debug|Win32
		{04062EFD-AB7E-4881-9098-353A467A6BA5}.Debug|Win32.Build.0 = Debug|Win32
		{04062EFD-AB7E-4881-9098-353A467A6BA5}.Release|Win32.ActiveCfg = Release|Win32
		{04062EFD-AB7E-4881-9098-353A467A6BA5}.Release|Win32.Build.0 = Release|Win32
		{8A484FC8-F28D-41AA-86D2-4AEB3F37222D}.Debug|Win32.ActiveCfg = Debug|Win32
		{8A484FC8-F28D-41AA-86D2-4AEB3F37222D}.Debug|Win32.Build.0 = Debug|Win32
		{8A484FC8-F28D-41AA-86D2-4AEB3F37222D}.Release|Win32.ActiveCfg = Release|Win32
		{8A484FC8-F28D-41AA-86D2-4AEB3F37222D}.Release|Win32.Build.0 = Release|Win32
		{094BE633-036C-4BEB-819E-DF03D3B55D47}.Debug|Win32.ActiveCfg = Debug|Win32
		{094BE633-036C-4BEB-819E-DF03D3B55D47}.Debug|Win32.Build.0 = Debug|Win32
		{094BE633-036C-4BEB-819E-DF03D3B55D47}.Release|Win32.ActiveCfg = Release|Win32
		{094BE633-036C-4BEB-819E-DF03D3B55D47}.Release|Win32.Build.0 = Release|Win32
		{05CF58CF-1E0B-4F63-8F97-79EF55863D9D}.Debug|Win32.ActiveCfg = Debug|Win32
		{05CF58CF-1E0B-4F63-8F97-79EF55863D9D}.Debug|Win32.Build.0 = Debug|Win32
		{05CF58CF-1E0B-4F63-8F97-79EF55863D9D}.Release|Win32.ActiveCfg = Release|Win32
		{05CF58CF-1E0B-4F63-8F97-79EF55863D9D}.Release|Win32.Build.0 = Release|Win32
		{A6FE2F0F-6129-454B-BC5E-82ACA9966B85}.Debug|Win32.ActiveCfg = Debug|Win32
		{A6FE2F0F-6129-454B-BC5E-82ACA9966B85}.Debug|Win32.Build.0 = Debug|Win32
		{A6FE2F0F-6129-454B-BC5E-82ACA9966B85}.Release|Win32.ActiveCfg = Release|Win32
		{A6FE2F0F-6129-454B-BC5E-82ACA9966B85}.Release|Win32.Build.0 = Release|Win32
		{5600721A-1C45-4085-95FB-6F255972E3EC}.Debug|Win32.ActiveCfg = Debug|Win32
		{5600721A-1C45-4085-95FB-6F255972E3EC}.Debug|Win32.Build.0 = Debug|Win32
		{5600721A-1C45-4085-95FB-6F255972E3EC}.Release|Win32.ActiveCfg = Release|Win32
		{5600721A-1C45-4085-95FB-6F255972E3EC}.Release|Win32.Build.0 = Release|Win32
		{A885976E-F9AC-42CE-906C-7EE8690C5687}.Debug|Win32.ActiveCfg = Debug|Win32
		{A885976E-F9AC-42CE-906C-7EE8690C5687}.Debug|Win32.Build.0 = Debug|Win32
		{A885976E-F9AC-42CE-906C-7EE8690C5687}.Release|Win32.ActiveCfg = Release|Win32
		{A885976E-F9AC-42CE-906C-7EE8690C5687}.Release|Win32.Build.0 = Release|Win32
		{F3AC8666-F42F-4B87-8D21-FD461EFC4470}.Debug|Win32.ActiveCfg = Debug|Win32
		{F3AC8666-F42F-4B87-8D21-FD461EFC4470}.Debug|Win32.Build.0 = Debug|Win32
		{F3AC8666-F42F-4B87-8D21-FD461EFC4470}.Release|Win32.ActiveCfg = Release|Win32
		{F3AC8666-F42F-4B87-8D21-FD461EFC4470}.Release|Win32.Build.0 = Release|Win32
		{1DDE5618-9677-4082-B90A-7BD8C178F5A8}.Debug|Win32.ActiveCfg = Debug|Win32
		{1DDE5618-9677-4082-B90A-7BD8C178F5A8}.Debug|Win32.Build.0 = Debug|Win32
		{1DDE5618-9677-4082-B90A-7BD8C178F5A8}.Release|Win32.ActiveCfg = Release|Win32
		{1DDE5618-9677-4082-B90A-7BD8C178F5A8}.Release|Win32.Build.0 = Release|Win32
		{CD09FB25-41AD-46E0-9CAB-90D9438C133C}.Debug|Win32.ActiveCfg = Debug|Win32
		{CD09FB25-41AD-46E0-9CAB-90D9438C133C}.Debug|Win32.Build.0 = Debug|Win32
		{CD09FB25-41AD-46E0-9CAB-90D9438C133C}.Release|Win32.ActiveCfg = Release|Win32
		{CD09FB25-41AD-46E0-9CAB-90D9438C133C}.Release|Win32.Build.0 = Release|Win32
		{3443518D-6997-4995-B765-2D6648A9746C}.Debug|Win32.ActiveCfg = Debug|Win32
		{3443518D-6997-4995-B765-2D6648A9746C}.Debug|Win32.Build.0 = Debug|Win32
		{3443518D-6997-4995-B765-2D6648A9746C}.Release|Win32.ActiveCfg = Release|Win32
		{3443518D-6997-4995-B765-2D6648A9746C}.Release|Win32.Build.0 = Release|Win32
		{66E08800-B86A-41AE-908E-3BECEEEBBC55}.Debug|Win32.ActiveCfg = Debug|Win32
		{66E08800-B86A-41AE-908E-3BECEEEBBC55}.Debug|Win32.Build.0 = Debug|Win32
		{66E08800-B86A-41AE-908E-3BECEEEBBC55}.Release|Win32.ActiveCfg = Release|Win32
		{66E08800-B86A-41AE-908E-3BECEEEBBC55}.Release|Win32.Build.0 = Release|Win32
		{3500A18C-B2EC-4CD4-A56D-B7B89BF1A4F8}.Debug|Win32.ActiveCfg = Debug|Win32
		{3500A18C-B2EC-4CD4-A56D-B7B89BF1A4F8}.Debug|Win32.Build.0 = Debug|Win32
		{3500A18C-B2EC-4CD4-A56D-B7B89BF1A4F8}.Release|Win32.ActiveCfg = Release|Win32
		{3500A18C-B2EC-4CD4-A56D-B7B89BF1A4F8}.Release|Win32.Build.0 = Release|Win32
	EndGlobalSection
	GlobalSection(SolutionProperties) = preSolution
		HideSolutionNode = FALSE
	EndGlobalSection
	GlobalSection(NestedProjects) = preSolution
		{16524A32-E9D5-46B2-BCFB-809D2A641FB7} = {E9FAB1B8-1988-40C2-ABB1-84F24F2CF07E}
		{93B508CD-0770-428F-AFC0-5E79D556B3EE} = {E9FAB1B8-1988-40C2-ABB1-84F24F2CF07E}
		{007ED693-D6D8-4F39-8F0A-21A041174B98} = {E9FAB1B8-1988-40C2-ABB1-84F24F2CF07E}
		{A5F17930-B291-4F83-87DB-9BCF64F68A6A} = {E9FAB1B8-1988-40C2-ABB1-84F24F2CF07E}
		{DED4BF71-C70C-42D5-A78E-39F2E453BE0B} = {E9FAB1B8-1988-40C2-ABB1-84F24F2CF07E}
		{2FB5EDE9-0728-4139-B893-7093C4EA96EC} = {E9FAB1B8-1988-40C2-ABB1-84F24F2CF07E}
		{7E48AC62-8109-4231-AA01-32ADF5FAA786} = {E9FAB1B8-1988-40C2-ABB1-84F24F2CF07E}
		{04062EFD-AB7E-4881-9098-353A467A6BA5} = {E9FAB1B8-1988-40C2-ABB1-84F24F2CF07E}
		{8A484FC8-F28D-41AA-86D2-4AEB3F37222D} = {E9FAB1B8-1988-40C2-ABB1-84F24F2CF07E}
		{094BE633-036C-4BEB-819E-DF03D3B55D47} = {E9FAB1B8-1988-40C2-ABB1-84F24F2CF07E}
		{05CF58CF-1E0B-4F63-8F97-79EF55863D9D} = {E9FAB1B8-1988-40C2-ABB1-84F24F2CF07E}
		{5600721A-1C45-4085-95FB-6F255972E3EC} = {E9FAB1B8-1988-40C2-ABB1-84F24F2CF07E}
		{A885976E-F9AC-42CE-906C-7EE8690C5687} = {B458DE41-F5AB-44F3-9550-77B2880AED0A}
		{F3AC8666-F42F-4B87-8D21-FD461EFC4470} = {B458DE41-F5AB-44F3-9550-77B2880AED0A}
		{1DDE5618-9677-4082-B90A-7BD8C178F5A8} = {B458DE41-F5AB-44F3-9550-77B2880AED0A}
		{CD09FB25-41AD-46E0-9CAB-90D9438C133C} = {B458DE41-F5AB-44F3-9550-77B2880AED0A}
		{3443518D-6997-4995-B765-2D6648A9746C} = {B458DE41-F5AB-44F3-9550-77B2880AED0A}
		{66E08800-B86A-41AE-908E-3BECEEEBBC55} = {B458DE41-F5AB-44F3-9550-77B2880AED0A}
		{3500A18C-B2EC-4CD4-A56D-B7B89BF1A4F8} = {B458DE41-F5AB-44F3-9550-77B2880AED0A}
	EndGlobalSection
EndGlobal
