
Microsoft Visual Studio Solution File, Format Version 11.00
# Visual Studio 2010
Project("{8BC9CEB8-8B4A-11D0-8D11-00A0C91BC942}") = "AbstractFactory", "DesignPatternOf23Kinds\AbstractFactory\AbstractFactory.vcxproj", "{DA330B28-0A92-41EF-9433-E9BCD484E8BE}"
EndProject
Project("{8BC9CEB8-8B4A-11D0-8D11-00A0C91BC942}") = "Adapter", "DesignPatternOf23Kinds\Adapter\Adapter.vcxproj", "{4B642581-FFD8-48E1-A598-EF01593439A5}"
EndProject
Project("{8BC9CEB8-8B4A-11D0-8D11-00A0C91BC942}") = "Bridge", "DesignPatternOf23Kinds\Bridge\Bridge.vcxproj", "{0DACD46F-39A6-4B68-A6D9-C2E64DCEC643}"
EndProject
Project("{8BC9CEB8-8B4A-11D0-8D11-00A0C91BC942}") = "Builder", "DesignPatternOf23Kinds\Builder\Builder.vcxproj", "{E781E0D2-0180-4DC1-A2E3-A1E99F6DC618}"
EndProject
Project("{8BC9CEB8-8B4A-11D0-8D11-00A0C91BC942}") = "ChainOfResponsibility", "DesignPatternOf23Kinds\ChainOfResponsibility\ChainOfResponsibility.vcxproj", "{7CFCF5B4-33C6-421F-A81D-BC6DA07F39D2}"
EndProject
Project("{8BC9CEB8-8B4A-11D0-8D11-00A0C91BC942}") = "Command", "DesignPatternOf23Kinds\Command\Command.vcxproj", "{E9E1824A-2592-4102-A159-660BA4E128A3}"
EndProject
Project("{8BC9CEB8-8B4A-11D0-8D11-00A0C91BC942}") = "Composite", "DesignPatternOf23Kinds\Composite\Composite.vcxproj", "{4DBC9180-832E-4CE5-BBA4-95F3823E29E1}"
EndProject
Project("{8BC9CEB8-8B4A-11D0-8D11-00A0C91BC942}") = "Decorator", "DesignPatternOf23Kinds\Decorator\Decorator.vcxproj", "{557F87CD-2312-4C6C-A471-B101813CF2F4}"
EndProject
Project("{8BC9CEB8-8B4A-11D0-8D11-00A0C91BC942}") = "DesignPatternOf23Kinds", "DesignPatternOf23Kinds\DesignPatternOf23Kinds\DesignPatternOf23Kinds.vcxproj", "{202543AE-2DC4-4FA2-8CDF-D27104BFB1C1}"
EndProject
Project("{8BC9CEB8-8B4A-11D0-8D11-00A0C91BC942}") = "Facade", "DesignPatternOf23Kinds\Facade\Facade.vcxproj", "{4F25DD27-8484-48D4-A9E0-464FAFB54A05}"
EndProject
Project("{8BC9CEB8-8B4A-11D0-8D11-00A0C91BC942}") = "FactoryMethod", "DesignPatternOf23Kinds\FactoryMethod\FactoryMethod.vcxproj", "{6829BF37-3EE0-4A69-8557-0123C7F80656}"
EndProject
Project("{8BC9CEB8-8B4A-11D0-8D11-00A0C91BC942}") = "Flyweight", "DesignPatternOf23Kinds\Flyweight\Flyweight.vcxproj", "{4847CE94-BCC3-4702-97B6-1418AF999054}"
EndProject
Project("{8BC9CEB8-8B4A-11D0-8D11-00A0C91BC942}") = "Interpreter", "DesignPatternOf23Kinds\Interpreter\Interpreter.vcxproj", "{578305CB-3E4F-4FA1-B396-D946454AE98C}"
EndProject
Project("{8BC9CEB8-8B4A-11D0-8D11-00A0C91BC942}") = "Iterator", "DesignPatternOf23Kinds\Iterator\Iterator.vcxproj", "{A4048631-C1D0-4552-AC6C-D72F1C3B439C}"
EndProject
Project("{8BC9CEB8-8B4A-11D0-8D11-00A0C91BC942}") = "Memento", "DesignPatternOf23Kinds\Memento\Memento.vcxproj", "{7706E9EA-5230-4736-A060-2192FD339108}"
EndProject
Project("{8BC9CEB8-8B4A-11D0-8D11-00A0C91BC942}") = "Observer", "DesignPatternOf23Kinds\Observer\Observer.vcxproj", "{4663E12C-9DF4-4587-B453-5B8A4A1164D5}"
EndProject
Project("{8BC9CEB8-8B4A-11D0-8D11-00A0C91BC942}") = "Prototype", "DesignPatternOf23Kinds\Prototype\Prototype.vcxproj", "{822F3E79-9757-453C-BBC0-130D46B2FC3B}"
EndProject
Project("{8BC9CEB8-8B4A-11D0-8D11-00A0C91BC942}") = "Proxy", "DesignPatternOf23Kinds\Proxy\Proxy.vcxproj", "{0E45EEB3-6E44-4B2C-BC9E-BCAEA4B57877}"
EndProject
Project("{8BC9CEB8-8B4A-11D0-8D11-00A0C91BC942}") = "Singleton", "DesignPatternOf23Kinds\Singleton\Singleton.vcxproj", "{CFD6B060-4F29-4FEC-B44A-97509F777F1F}"
EndProject
Project("{8BC9CEB8-8B4A-11D0-8D11-00A0C91BC942}") = "State", "DesignPatternOf23Kinds\State\State.vcxproj", "{07D28339-C5ED-456A-AECD-832CD911A00A}"
EndProject
Project("{8BC9CEB8-8B4A-11D0-8D11-00A0C91BC942}") = "Strategy", "DesignPatternOf23Kinds\Strategy\Strategy.vcxproj", "{5204A4E2-4A9D-4831-9130-BEDC801017CF}"
EndProject
Project("{8BC9CEB8-8B4A-11D0-8D11-00A0C91BC942}") = "Template", "DesignPatternOf23Kinds\Template\Template.vcxproj", "{32F53776-8B42-4528-8249-A3D3041C1229}"
EndProject
Project("{8BC9CEB8-8B4A-11D0-8D11-00A0C91BC942}") = "Visitor", "DesignPatternOf23Kinds\Visitor\Visitor.vcxproj", "{42E71172-9D61-468A-9868-12A65F0028D4}"
EndProject
Project("{8BC9CEB8-8B4A-11D0-8D11-00A0C91BC942}") = "Mediator", "DesignPatternOf23Kinds\Mediator\Mediator.vcxproj", "{BF8AEC0B-0114-43BB-8229-BC24D8C1DE44}"
EndProject
Global
	GlobalSection(SolutionConfigurationPlatforms) = preSolution
		Debug|Win32 = Debug|Win32
		Release|Win32 = Release|Win32
	EndGlobalSection
	GlobalSection(ProjectConfigurationPlatforms) = postSolution
		{DA330B28-0A92-41EF-9433-E9BCD484E8BE}.Debug|Win32.ActiveCfg = Debug|Win32
		{DA330B28-0A92-41EF-9433-E9BCD484E8BE}.Debug|Win32.Build.0 = Debug|Win32
		{DA330B28-0A92-41EF-9433-E9BCD484E8BE}.Release|Win32.ActiveCfg = Release|Win32
		{DA330B28-0A92-41EF-9433-E9BCD484E8BE}.Release|Win32.Build.0 = Release|Win32
		{4B642581-FFD8-48E1-A598-EF01593439A5}.Debug|Win32.ActiveCfg = Debug|Win32
		{4B642581-FFD8-48E1-A598-EF01593439A5}.Debug|Win32.Build.0 = Debug|Win32
		{4B642581-FFD8-48E1-A598-EF01593439A5}.Release|Win32.ActiveCfg = Release|Win32
		{4B642581-FFD8-48E1-A598-EF01593439A5}.Release|Win32.Build.0 = Release|Win32
		{0DACD46F-39A6-4B68-A6D9-C2E64DCEC643}.Debug|Win32.ActiveCfg = Debug|Win32
		{0DACD46F-39A6-4B68-A6D9-C2E64DCEC643}.Debug|Win32.Build.0 = Debug|Win32
		{0DACD46F-39A6-4B68-A6D9-C2E64DCEC643}.Release|Win32.ActiveCfg = Release|Win32
		{0DACD46F-39A6-4B68-A6D9-C2E64DCEC643}.Release|Win32.Build.0 = Release|Win32
		{E781E0D2-0180-4DC1-A2E3-A1E99F6DC618}.Debug|Win32.ActiveCfg = Debug|Win32
		{E781E0D2-0180-4DC1-A2E3-A1E99F6DC618}.Debug|Win32.Build.0 = Debug|Win32
		{E781E0D2-0180-4DC1-A2E3-A1E99F6DC618}.Release|Win32.ActiveCfg = Release|Win32
		{E781E0D2-0180-4DC1-A2E3-A1E99F6DC618}.Release|Win32.Build.0 = Release|Win32
		{7CFCF5B4-33C6-421F-A81D-BC6DA07F39D2}.Debug|Win32.ActiveCfg = Debug|Win32
		{7CFCF5B4-33C6-421F-A81D-BC6DA07F39D2}.Debug|Win32.Build.0 = Debug|Win32
		{7CFCF5B4-33C6-421F-A81D-BC6DA07F39D2}.Release|Win32.ActiveCfg = Release|Win32
		{7CFCF5B4-33C6-421F-A81D-BC6DA07F39D2}.Release|Win32.Build.0 = Release|Win32
		{E9E1824A-2592-4102-A159-660BA4E128A3}.Debug|Win32.ActiveCfg = Debug|Win32
		{E9E1824A-2592-4102-A159-660BA4E128A3}.Debug|Win32.Build.0 = Debug|Win32
		{E9E1824A-2592-4102-A159-660BA4E128A3}.Release|Win32.ActiveCfg = Release|Win32
		{E9E1824A-2592-4102-A159-660BA4E128A3}.Release|Win32.Build.0 = Release|Win32
		{4DBC9180-832E-4CE5-BBA4-95F3823E29E1}.Debug|Win32.ActiveCfg = Debug|Win32
		{4DBC9180-832E-4CE5-BBA4-95F3823E29E1}.Debug|Win32.Build.0 = Debug|Win32
		{4DBC9180-832E-4CE5-BBA4-95F3823E29E1}.Release|Win32.ActiveCfg = Release|Win32
		{4DBC9180-832E-4CE5-BBA4-95F3823E29E1}.Release|Win32.Build.0 = Release|Win32
		{557F87CD-2312-4C6C-A471-B101813CF2F4}.Debug|Win32.ActiveCfg = Debug|Win32
		{557F87CD-2312-4C6C-A471-B101813CF2F4}.Debug|Win32.Build.0 = Debug|Win32
		{557F87CD-2312-4C6C-A471-B101813CF2F4}.Release|Win32.ActiveCfg = Release|Win32
		{557F87CD-2312-4C6C-A471-B101813CF2F4}.Release|Win32.Build.0 = Release|Win32
		{202543AE-2DC4-4FA2-8CDF-D27104BFB1C1}.Debug|Win32.ActiveCfg = Debug|Win32
		{202543AE-2DC4-4FA2-8CDF-D27104BFB1C1}.Debug|Win32.Build.0 = Debug|Win32
		{202543AE-2DC4-4FA2-8CDF-D27104BFB1C1}.Release|Win32.ActiveCfg = Release|Win32
		{202543AE-2DC4-4FA2-8CDF-D27104BFB1C1}.Release|Win32.Build.0 = Release|Win32
		{4F25DD27-8484-48D4-A9E0-464FAFB54A05}.Debug|Win32.ActiveCfg = Debug|Win32
		{4F25DD27-8484-48D4-A9E0-464FAFB54A05}.Debug|Win32.Build.0 = Debug|Win32
		{4F25DD27-8484-48D4-A9E0-464FAFB54A05}.Release|Win32.ActiveCfg = Release|Win32
		{4F25DD27-8484-48D4-A9E0-464FAFB54A05}.Release|Win32.Build.0 = Release|Win32
		{6829BF37-3EE0-4A69-8557-0123C7F80656}.Debug|Win32.ActiveCfg = Debug|Win32
		{6829BF37-3EE0-4A69-8557-0123C7F80656}.Debug|Win32.Build.0 = Debug|Win32
		{6829BF37-3EE0-4A69-8557-0123C7F80656}.Release|Win32.ActiveCfg = Release|Win32
		{6829BF37-3EE0-4A69-8557-0123C7F80656}.Release|Win32.Build.0 = Release|Win32
		{4847CE94-BCC3-4702-97B6-1418AF999054}.Debug|Win32.ActiveCfg = Debug|Win32
		{4847CE94-BCC3-4702-97B6-1418AF999054}.Debug|Win32.Build.0 = Debug|Win32
		{4847CE94-BCC3-4702-97B6-1418AF999054}.Release|Win32.ActiveCfg = Release|Win32
		{4847CE94-BCC3-4702-97B6-1418AF999054}.Release|Win32.Build.0 = Release|Win32
		{578305CB-3E4F-4FA1-B396-D946454AE98C}.Debug|Win32.ActiveCfg = Debug|Win32
		{578305CB-3E4F-4FA1-B396-D946454AE98C}.Debug|Win32.Build.0 = Debug|Win32
		{578305CB-3E4F-4FA1-B396-D946454AE98C}.Release|Win32.ActiveCfg = Release|Win32
		{578305CB-3E4F-4FA1-B396-D946454AE98C}.Release|Win32.Build.0 = Release|Win32
		{A4048631-C1D0-4552-AC6C-D72F1C3B439C}.Debug|Win32.ActiveCfg = Debug|Win32
		{A4048631-C1D0-4552-AC6C-D72F1C3B439C}.Debug|Win32.Build.0 = Debug|Win32
		{A4048631-C1D0-4552-AC6C-D72F1C3B439C}.Release|Win32.ActiveCfg = Release|Win32
		{A4048631-C1D0-4552-AC6C-D72F1C3B439C}.Release|Win32.Build.0 = Release|Win32
		{7706E9EA-5230-4736-A060-2192FD339108}.Debug|Win32.ActiveCfg = Debug|Win32
		{7706E9EA-5230-4736-A060-2192FD339108}.Debug|Win32.Build.0 = Debug|Win32
		{7706E9EA-5230-4736-A060-2192FD339108}.Release|Win32.ActiveCfg = Release|Win32
		{7706E9EA-5230-4736-A060-2192FD339108}.Release|Win32.Build.0 = Release|Win32
		{4663E12C-9DF4-4587-B453-5B8A4A1164D5}.Debug|Win32.ActiveCfg = Debug|Win32
		{4663E12C-9DF4-4587-B453-5B8A4A1164D5}.Debug|Win32.Build.0 = Debug|Win32
		{4663E12C-9DF4-4587-B453-5B8A4A1164D5}.Release|Win32.ActiveCfg = Release|Win32
		{4663E12C-9DF4-4587-B453-5B8A4A1164D5}.Release|Win32.Build.0 = Release|Win32
		{822F3E79-9757-453C-BBC0-130D46B2FC3B}.Debug|Win32.ActiveCfg = Debug|Win32
		{822F3E79-9757-453C-BBC0-130D46B2FC3B}.Debug|Win32.Build.0 = Debug|Win32
		{822F3E79-9757-453C-BBC0-130D46B2FC3B}.Release|Win32.ActiveCfg = Release|Win32
		{822F3E79-9757-453C-BBC0-130D46B2FC3B}.Release|Win32.Build.0 = Release|Win32
		{0E45EEB3-6E44-4B2C-BC9E-BCAEA4B57877}.Debug|Win32.ActiveCfg = Debug|Win32
		{0E45EEB3-6E44-4B2C-BC9E-BCAEA4B57877}.Debug|Win32.Build.0 = Debug|Win32
		{0E45EEB3-6E44-4B2C-BC9E-BCAEA4B57877}.Release|Win32.ActiveCfg = Release|Win32
		{0E45EEB3-6E44-4B2C-BC9E-BCAEA4B57877}.Release|Win32.Build.0 = Release|Win32
		{CFD6B060-4F29-4FEC-B44A-97509F777F1F}.Debug|Win32.ActiveCfg = Debug|Win32
		{CFD6B060-4F29-4FEC-B44A-97509F777F1F}.Debug|Win32.Build.0 = Debug|Win32
		{CFD6B060-4F29-4FEC-B44A-97509F777F1F}.Release|Win32.ActiveCfg = Release|Win32
		{CFD6B060-4F29-4FEC-B44A-97509F777F1F}.Release|Win32.Build.0 = Release|Win32
		{07D28339-C5ED-456A-AECD-832CD911A00A}.Debug|Win32.ActiveCfg = Debug|Win32
		{07D28339-C5ED-456A-AECD-832CD911A00A}.Debug|Win32.Build.0 = Debug|Win32
		{07D28339-C5ED-456A-AECD-832CD911A00A}.Release|Win32.ActiveCfg = Release|Win32
		{07D28339-C5ED-456A-AECD-832CD911A00A}.Release|Win32.Build.0 = Release|Win32
		{5204A4E2-4A9D-4831-9130-BEDC801017CF}.Debug|Win32.ActiveCfg = Debug|Win32
		{5204A4E2-4A9D-4831-9130-BEDC801017CF}.Debug|Win32.Build.0 = Debug|Win32
		{5204A4E2-4A9D-4831-9130-BEDC801017CF}.Release|Win32.ActiveCfg = Release|Win32
		{5204A4E2-4A9D-4831-9130-BEDC801017CF}.Release|Win32.Build.0 = Release|Win32
		{32F53776-8B42-4528-8249-A3D3041C1229}.Debug|Win32.ActiveCfg = Debug|Win32
		{32F53776-8B42-4528-8249-A3D3041C1229}.Debug|Win32.Build.0 = Debug|Win32
		{32F53776-8B42-4528-8249-A3D3041C1229}.Release|Win32.ActiveCfg = Release|Win32
		{32F53776-8B42-4528-8249-A3D3041C1229}.Release|Win32.Build.0 = Release|Win32
		{42E71172-9D61-468A-9868-12A65F0028D4}.Debug|Win32.ActiveCfg = Debug|Win32
		{42E71172-9D61-468A-9868-12A65F0028D4}.Debug|Win32.Build.0 = Debug|Win32
		{42E71172-9D61-468A-9868-12A65F0028D4}.Release|Win32.ActiveCfg = Release|Win32
		{42E71172-9D61-468A-9868-12A65F0028D4}.Release|Win32.Build.0 = Release|Win32
		{BF8AEC0B-0114-43BB-8229-BC24D8C1DE44}.Debug|Win32.ActiveCfg = Debug|Win32
		{BF8AEC0B-0114-43BB-8229-BC24D8C1DE44}.Debug|Win32.Build.0 = Debug|Win32
		{BF8AEC0B-0114-43BB-8229-BC24D8C1DE44}.Release|Win32.ActiveCfg = Release|Win32
		{BF8AEC0B-0114-43BB-8229-BC24D8C1DE44}.Release|Win32.Build.0 = Release|Win32
	EndGlobalSection
	GlobalSection(SolutionProperties) = preSolution
		HideSolutionNode = FALSE
	EndGlobalSection
EndGlobal
