
Microsoft Visual Studio Solution File, Format Version 11.00
# Visual Studio 2010
Project("{2150E333-8FDC-42A3-9474-1A3956D46DE8}") = "tools", "tools", "{B458DE41-F5AB-44F3-9550-77B2880AED0A}"
EndProject
Project("{8BC9CEB8-8B4A-11D0-8D11-00A0C91BC942}") = "求两个文件的差异", "tools\求两个文件的差异\求两个文件的差异.vcxproj", "{A885976E-F9AC-42CE-906C-7EE8690C5687}"
EndProject
Project("{8BC9CEB8-8B4A-11D0-8D11-00A0C91BC942}") = "字符串模糊匹配(fnmatch)", "tools\字符串模糊匹配(fnmatch)\字符串模糊匹配(fnmatch).vcxproj", "{1DDE5618-9677-4082-B90A-7BD8C178F5A8}"
EndProject
Project("{8BC9CEB8-8B4A-11D0-8D11-00A0C91BC942}") = "CStopWatch", "tools\CStopWatch\CStopWatch.vcxproj", "{CD09FB25-41AD-46E0-9CAB-90D9438C133C}"
EndProject
Project("{8BC9CEB8-8B4A-11D0-8D11-00A0C91BC942}") = "GBKtoUTF8", "tools\GBKtoUTF8\GBKtoUTF8.vcxproj", "{3443518D-6997-4995-B765-2D6648A9746C}"
EndProject
Project("{8BC9CEB8-8B4A-11D0-8D11-00A0C91BC942}") = "str_func", "tools\str_func\str_func.vcxproj", "{66E08800-B86A-41AE-908E-3BECEEEBBC55}"
EndProject
Project("{8BC9CEB8-8B4A-11D0-8D11-00A0C91BC942}") = "BitTwiddlingHacks", "tools\BitTwiddlingHacks\BitTwiddlingHacks.vcxproj", "{3A5F6C36-2972-4BE7-B92E-26FD5F90AC5D}"
EndProject
Project("{8BC9CEB8-8B4A-11D0-8D11-00A0C91BC942}") = "Base64Encode", "tools\Base64Encode\Base64Encode.vcxproj", "{27EB598F-3F62-42B2-955D-53F8453E798C}"
EndProject
Project("{8BC9CEB8-8B4A-11D0-8D11-00A0C91BC942}") = "LruCache", "tools\LruCacheTest\LruCache.vcxproj", "{22D11942-2E25-4EFC-99BE-6FA65DEF9BB8}"
EndProject
Project("{8BC9CEB8-8B4A-11D0-8D11-00A0C91BC942}") = "DateTimeTest", "tools\DateTimeTest\DateTimeTest.vcxproj", "{8D224623-34AB-4DD9-9466-EDB4F6B41C05}"
EndProject
Project("{8BC9CEB8-8B4A-11D0-8D11-00A0C91BC942}") = "SmartAssertTest", "tools\SmartAssertTest\SmartAssertTest.vcxproj", "{227FA8EF-6580-4983-9621-5CBA754E7752}"
EndProject
Project("{8BC9CEB8-8B4A-11D0-8D11-00A0C91BC942}") = "ByteArrayTest", "tools\ByteArrayTest\ByteArrayTest.vcxproj", "{C1206099-740D-4210-9229-111196DE9845}"
EndProject
Project("{8BC9CEB8-8B4A-11D0-8D11-00A0C91BC942}") = "performance_counter", "tools\performance_counter\performance_counter.vcxproj", "{A9A9217F-FEEC-4EA8-B74F-FFA80B52E36C}"
EndProject
Project("{8BC9CEB8-8B4A-11D0-8D11-00A0C91BC942}") = "ScopeExitGuard", "tools\ScopeExitGuard\ScopeExitGuard.vcxproj", "{0B6D0049-120C-428D-8650-335725B96B0D}"
EndProject
Project("{8BC9CEB8-8B4A-11D0-8D11-00A0C91BC942}") = "test_intrusive_list", "tools\test_intrusive_list\test_intrusive_list.vcxproj", "{28E519DB-F020-4354-9C80-E5394A70B9A5}"
EndProject
Project("{8BC9CEB8-8B4A-11D0-8D11-00A0C91BC942}") = "test_smart_pointers", "tools\test_smart_pointers\test_smart_pointers.vcxproj", "{1B526F1A-1C60-4744-9112-1C64BC8BADFB}"
EndProject
Project("{8BC9CEB8-8B4A-11D0-8D11-00A0C91BC942}") = "TimeStampTest", "tools\TimeStampTest\TimeStampTest.vcxproj", "{311D0316-401B-43F8-9C9A-8B76F2C5A7C4}"
EndProject
Project("{2150E333-8FDC-42A3-9474-1A3956D46DE8}") = "test_3rdparty", "test_3rdparty", "{C236194E-CE89-43C7-AB31-03D2E0C3C82E}"
EndProject
Project("{8BC9CEB8-8B4A-11D0-8D11-00A0C91BC942}") = "Google_FlatBuffers_Test", "test_3rdparty\Google_FlatBuffers_Test\Google_FlatBuffers_Test.vcxproj", "{3500A18C-B2EC-4CD4-A56D-B7B89BF1A4F8}"
EndProject
Project("{8BC9CEB8-8B4A-11D0-8D11-00A0C91BC942}") = "Google_gtest_Test", "test_3rdparty\test_gtest\test_gtest.vcxproj", "{3DE3D570-69EA-472D-9423-3681C19CF17E}"
EndProject
Project("{8BC9CEB8-8B4A-11D0-8D11-00A0C91BC942}") = "ZLog_Test", "tools\ZLog_Test\ZLog_Test.vcxproj", "{74AD1F36-8B69-41FF-AAF6-BAB57F72A81C}"
EndProject
Global
	GlobalSection(SolutionConfigurationPlatforms) = preSolution
		Debug|Win32 = Debug|Win32
		Release|Win32 = Release|Win32
	EndGlobalSection
	GlobalSection(ProjectConfigurationPlatforms) = postSolution
		{A885976E-F9AC-42CE-906C-7EE8690C5687}.Debug|Win32.ActiveCfg = Debug|Win32
		{A885976E-F9AC-42CE-906C-7EE8690C5687}.Debug|Win32.Build.0 = Debug|Win32
		{A885976E-F9AC-42CE-906C-7EE8690C5687}.Release|Win32.ActiveCfg = Release|Win32
		{A885976E-F9AC-42CE-906C-7EE8690C5687}.Release|Win32.Build.0 = Release|Win32
		{1DDE5618-9677-4082-B90A-7BD8C178F5A8}.Debug|Win32.ActiveCfg = Debug|Win32
		{1DDE5618-9677-4082-B90A-7BD8C178F5A8}.Debug|Win32.Build.0 = Debug|Win32
		{1DDE5618-9677-4082-B90A-7BD8C178F5A8}.Release|Win32.ActiveCfg = Release|Win32
		{1DDE5618-9677-4082-B90A-7BD8C178F5A8}.Release|Win32.Build.0 = Release|Win32
		{CD09FB25-41AD-46E0-9CAB-90D9438C133C}.Debug|Win32.ActiveCfg = Debug|Win32
		{CD09FB25-41AD-46E0-9CAB-90D9438C133C}.Debug|Win32.Build.0 = Debug|Win32
		{CD09FB25-41AD-46E0-9CAB-90D9438C133C}.Release|Win32.ActiveCfg = Release|Win32
		{CD09FB25-41AD-46E0-9CAB-90D9438C133C}.Release|Win32.Build.0 = Release|Win32
		{3443518D-6997-4995-B765-2D6648A9746C}.Debug|Win32.ActiveCfg = Debug|Win32
		{3443518D-6997-4995-B765-2D6648A9746C}.Debug|Win32.Build.0 = Debug|Win32
		{3443518D-6997-4995-B765-2D6648A9746C}.Release|Win32.ActiveCfg = Release|Win32
		{3443518D-6997-4995-B765-2D6648A9746C}.Release|Win32.Build.0 = Release|Win32
		{66E08800-B86A-41AE-908E-3BECEEEBBC55}.Debug|Win32.ActiveCfg = Debug|Win32
		{66E08800-B86A-41AE-908E-3BECEEEBBC55}.Debug|Win32.Build.0 = Debug|Win32
		{66E08800-B86A-41AE-908E-3BECEEEBBC55}.Release|Win32.ActiveCfg = Release|Win32
		{66E08800-B86A-41AE-908E-3BECEEEBBC55}.Release|Win32.Build.0 = Release|Win32
		{3A5F6C36-2972-4BE7-B92E-26FD5F90AC5D}.Debug|Win32.ActiveCfg = Debug|Win32
		{3A5F6C36-2972-4BE7-B92E-26FD5F90AC5D}.Debug|Win32.Build.0 = Debug|Win32
		{3A5F6C36-2972-4BE7-B92E-26FD5F90AC5D}.Release|Win32.ActiveCfg = Release|Win32
		{3A5F6C36-2972-4BE7-B92E-26FD5F90AC5D}.Release|Win32.Build.0 = Release|Win32
		{27EB598F-3F62-42B2-955D-53F8453E798C}.Debug|Win32.ActiveCfg = Debug|Win32
		{27EB598F-3F62-42B2-955D-53F8453E798C}.Debug|Win32.Build.0 = Debug|Win32
		{27EB598F-3F62-42B2-955D-53F8453E798C}.Release|Win32.ActiveCfg = Release|Win32
		{27EB598F-3F62-42B2-955D-53F8453E798C}.Release|Win32.Build.0 = Release|Win32
		{22D11942-2E25-4EFC-99BE-6FA65DEF9BB8}.Debug|Win32.ActiveCfg = Debug|Win32
		{22D11942-2E25-4EFC-99BE-6FA65DEF9BB8}.Debug|Win32.Build.0 = Debug|Win32
		{22D11942-2E25-4EFC-99BE-6FA65DEF9BB8}.Release|Win32.ActiveCfg = Release|Win32
		{22D11942-2E25-4EFC-99BE-6FA65DEF9BB8}.Release|Win32.Build.0 = Release|Win32
		{8D224623-34AB-4DD9-9466-EDB4F6B41C05}.Debug|Win32.ActiveCfg = Debug|Win32
		{8D224623-34AB-4DD9-9466-EDB4F6B41C05}.Debug|Win32.Build.0 = Debug|Win32
		{8D224623-34AB-4DD9-9466-EDB4F6B41C05}.Release|Win32.ActiveCfg = Release|Win32
		{8D224623-34AB-4DD9-9466-EDB4F6B41C05}.Release|Win32.Build.0 = Release|Win32
		{227FA8EF-6580-4983-9621-5CBA754E7752}.Debug|Win32.ActiveCfg = Debug|Win32
		{227FA8EF-6580-4983-9621-5CBA754E7752}.Debug|Win32.Build.0 = Debug|Win32
		{227FA8EF-6580-4983-9621-5CBA754E7752}.Release|Win32.ActiveCfg = Release|Win32
		{227FA8EF-6580-4983-9621-5CBA754E7752}.Release|Win32.Build.0 = Release|Win32
		{C1206099-740D-4210-9229-111196DE9845}.Debug|Win32.ActiveCfg = Debug|Win32
		{C1206099-740D-4210-9229-111196DE9845}.Debug|Win32.Build.0 = Debug|Win32
		{C1206099-740D-4210-9229-111196DE9845}.Release|Win32.ActiveCfg = Release|Win32
		{C1206099-740D-4210-9229-111196DE9845}.Release|Win32.Build.0 = Release|Win32
		{A9A9217F-FEEC-4EA8-B74F-FFA80B52E36C}.Debug|Win32.ActiveCfg = Debug|Win32
		{A9A9217F-FEEC-4EA8-B74F-FFA80B52E36C}.Debug|Win32.Build.0 = Debug|Win32
		{A9A9217F-FEEC-4EA8-B74F-FFA80B52E36C}.Release|Win32.ActiveCfg = Release|Win32
		{A9A9217F-FEEC-4EA8-B74F-FFA80B52E36C}.Release|Win32.Build.0 = Release|Win32
		{0B6D0049-120C-428D-8650-335725B96B0D}.Debug|Win32.ActiveCfg = Debug|Win32
		{0B6D0049-120C-428D-8650-335725B96B0D}.Debug|Win32.Build.0 = Debug|Win32
		{0B6D0049-120C-428D-8650-335725B96B0D}.Release|Win32.ActiveCfg = Release|Win32
		{0B6D0049-120C-428D-8650-335725B96B0D}.Release|Win32.Build.0 = Release|Win32
		{28E519DB-F020-4354-9C80-E5394A70B9A5}.Debug|Win32.ActiveCfg = Debug|Win32
		{28E519DB-F020-4354-9C80-E5394A70B9A5}.Debug|Win32.Build.0 = Debug|Win32
		{28E519DB-F020-4354-9C80-E5394A70B9A5}.Release|Win32.ActiveCfg = Release|Win32
		{28E519DB-F020-4354-9C80-E5394A70B9A5}.Release|Win32.Build.0 = Release|Win32
		{1B526F1A-1C60-4744-9112-1C64BC8BADFB}.Debug|Win32.ActiveCfg = Debug|Win32
		{1B526F1A-1C60-4744-9112-1C64BC8BADFB}.Debug|Win32.Build.0 = Debug|Win32
		{1B526F1A-1C60-4744-9112-1C64BC8BADFB}.Release|Win32.ActiveCfg = Release|Win32
		{1B526F1A-1C60-4744-9112-1C64BC8BADFB}.Release|Win32.Build.0 = Release|Win32
		{311D0316-401B-43F8-9C9A-8B76F2C5A7C4}.Debug|Win32.ActiveCfg = Debug|Win32
		{311D0316-401B-43F8-9C9A-8B76F2C5A7C4}.Debug|Win32.Build.0 = Debug|Win32
		{311D0316-401B-43F8-9C9A-8B76F2C5A7C4}.Release|Win32.ActiveCfg = Release|Win32
		{311D0316-401B-43F8-9C9A-8B76F2C5A7C4}.Release|Win32.Build.0 = Release|Win32
		{3500A18C-B2EC-4CD4-A56D-B7B89BF1A4F8}.Debug|Win32.ActiveCfg = Debug|Win32
		{3500A18C-B2EC-4CD4-A56D-B7B89BF1A4F8}.Debug|Win32.Build.0 = Debug|Win32
		{3500A18C-B2EC-4CD4-A56D-B7B89BF1A4F8}.Release|Win32.ActiveCfg = Release|Win32
		{3500A18C-B2EC-4CD4-A56D-B7B89BF1A4F8}.Release|Win32.Build.0 = Release|Win32
		{3DE3D570-69EA-472D-9423-3681C19CF17E}.Debug|Win32.ActiveCfg = Debug|Win32
		{3DE3D570-69EA-472D-9423-3681C19CF17E}.Debug|Win32.Build.0 = Debug|Win32
		{3DE3D570-69EA-472D-9423-3681C19CF17E}.Release|Win32.ActiveCfg = Release|Win32
		{3DE3D570-69EA-472D-9423-3681C19CF17E}.Release|Win32.Build.0 = Release|Win32
		{74AD1F36-8B69-41FF-AAF6-BAB57F72A81C}.Debug|Win32.ActiveCfg = Debug|Win32
		{74AD1F36-8B69-41FF-AAF6-BAB57F72A81C}.Debug|Win32.Build.0 = Debug|Win32
		{74AD1F36-8B69-41FF-AAF6-BAB57F72A81C}.Release|Win32.ActiveCfg = Release|Win32
		{74AD1F36-8B69-41FF-AAF6-BAB57F72A81C}.Release|Win32.Build.0 = Release|Win32
	EndGlobalSection
	GlobalSection(SolutionProperties) = preSolution
		HideSolutionNode = FALSE
	EndGlobalSection
	GlobalSection(NestedProjects) = preSolution
		{A885976E-F9AC-42CE-906C-7EE8690C5687} = {B458DE41-F5AB-44F3-9550-77B2880AED0A}
		{1DDE5618-9677-4082-B90A-7BD8C178F5A8} = {B458DE41-F5AB-44F3-9550-77B2880AED0A}
		{CD09FB25-41AD-46E0-9CAB-90D9438C133C} = {B458DE41-F5AB-44F3-9550-77B2880AED0A}
		{3443518D-6997-4995-B765-2D6648A9746C} = {B458DE41-F5AB-44F3-9550-77B2880AED0A}
		{66E08800-B86A-41AE-908E-3BECEEEBBC55} = {B458DE41-F5AB-44F3-9550-77B2880AED0A}
		{3A5F6C36-2972-4BE7-B92E-26FD5F90AC5D} = {B458DE41-F5AB-44F3-9550-77B2880AED0A}
		{27EB598F-3F62-42B2-955D-53F8453E798C} = {B458DE41-F5AB-44F3-9550-77B2880AED0A}
		{22D11942-2E25-4EFC-99BE-6FA65DEF9BB8} = {B458DE41-F5AB-44F3-9550-77B2880AED0A}
		{8D224623-34AB-4DD9-9466-EDB4F6B41C05} = {B458DE41-F5AB-44F3-9550-77B2880AED0A}
		{227FA8EF-6580-4983-9621-5CBA754E7752} = {B458DE41-F5AB-44F3-9550-77B2880AED0A}
		{C1206099-740D-4210-9229-111196DE9845} = {B458DE41-F5AB-44F3-9550-77B2880AED0A}
		{A9A9217F-FEEC-4EA8-B74F-FFA80B52E36C} = {B458DE41-F5AB-44F3-9550-77B2880AED0A}
		{0B6D0049-120C-428D-8650-335725B96B0D} = {B458DE41-F5AB-44F3-9550-77B2880AED0A}
		{28E519DB-F020-4354-9C80-E5394A70B9A5} = {B458DE41-F5AB-44F3-9550-77B2880AED0A}
		{1B526F1A-1C60-4744-9112-1C64BC8BADFB} = {B458DE41-F5AB-44F3-9550-77B2880AED0A}
		{311D0316-401B-43F8-9C9A-8B76F2C5A7C4} = {B458DE41-F5AB-44F3-9550-77B2880AED0A}
		{74AD1F36-8B69-41FF-AAF6-BAB57F72A81C} = {B458DE41-F5AB-44F3-9550-77B2880AED0A}
		{3500A18C-B2EC-4CD4-A56D-B7B89BF1A4F8} = {C236194E-CE89-43C7-AB31-03D2E0C3C82E}
		{3DE3D570-69EA-472D-9423-3681C19CF17E} = {C236194E-CE89-43C7-AB31-03D2E0C3C82E}
	EndGlobalSection
EndGlobal
