<?xml version="1.0" encoding="utf-8"?>
<Project ToolsVersion="4.0" xmlns="http://schemas.microsoft.com/developer/msbuild/2003">
  <ItemGroup>
    <ClCompile Include="字符串模糊匹配(fnmatch).cpp" />
    <ClCompile Include="..\..\include\utility\WildCard.cpp" />
  </ItemGroup>
  <ItemGroup>
    <ClInclude Include="..\..\include\utility\WildCard.h" />
  </ItemGroup>
</Project>