<?xml version="1.0" encoding="utf-8"?>
<Project ToolsVersion="4.0" xmlns="http://schemas.microsoft.com/developer/msbuild/2003">
  <ItemGroup>
    <ClInclude Include="..\..\..\include\stl\any.h" />
  </ItemGroup>
  <ItemGroup>
    <ClCompile Include="..\..\..\include\stl\tests\any_test.cpp" />
  </ItemGroup>
</Project>