<?xml version="1.0" encoding="utf-8"?>
<Project ToolsVersion="4.0" xmlns="http://schemas.microsoft.com/developer/msbuild/2003">
  <ItemGroup>
    <ClInclude Include="..\..\include\net\InetAddress.h" />
    <ClInclude Include="..\..\include\net\SocketUtil.h" />
    <ClInclude Include="..\..\include\base\Timestamp.h" />
    <ClInclude Include="..\..\include\base\FileUtil.h" />
    <ClInclude Include="..\..\include\base\Logger.h" />
    <ClInclude Include="..\..\include\thread\Thread.h" />
  </ItemGroup>
  <ItemGroup>
    <ClCompile Include="..\..\include\net\InetAddress.cpp" />
    <ClCompile Include="..\..\include\net\SocketUtil.cpp" />
    <ClCompile Include="InetAddressTest.cpp" />
    <ClCompile Include="..\..\include\base\Timestamp.cpp" />
    <ClCompile Include="..\..\include\base\FileUtil.cpp" />
    <ClCompile Include="..\..\include\base\Logger.cpp" />
    <ClCompile Include="..\..\include\thread\Thread.cpp" />
  </ItemGroup>
</Project>